PODS:
  - SwiftyStoreKit (0.16.1)
  - Toast-Swift (5.1.1)

DEPENDENCIES:
  - SwiftyStoreKit
  - Toast-Swift

SPEC REPOS:
  trunk:
    - SwiftyStoreKit
    - Toast-Swift

SPEC CHECKSUMS:
  SwiftyStoreKit: 6b9c08810269f030586dac1fae8e75871a82e84a
  Toast-Swift: 7a03a532afe3a560d4044bc7c237e2864d295173

PODFILE CHECKSUM: 7d3f0cc406d356f820fb6b8453782905dcd77b88

COCOAPODS: 1.16.2
