// !$*UTF8*$!
{
	archiveVersion = 1;
	classes = {
	};
	objectVersion = 56;
	objects = {

/* Begin PBXBuildFile section */
		04E35D372E20A56000B12CEB /* InNewsViewController.swift in Sources */ = {isa = PBXBuildFile; fileRef = 04E35D362E20A56000B12CEB /* InNewsViewController.swift */; };
		3D9A7819CA84D0CF16BC235F /* Pods_InFriends.framework in Frameworks */ = {isa = PBXBuildFile; fileRef = D1A3BA1BC61A8DD77561AF73 /* Pods_InFriends.framework */; };
		4A250B9EC8BAD632A046853A /* Pods_InFriends_InFriendsUITests.framework in Frameworks */ = {isa = PBXBuildFile; fileRef = 2B65AD5D7CD6672705A49B5B /* Pods_InFriends_InFriendsUITests.framework */; };
		4BBAE452820995E71794D117 /* Pods_InFriendsTests.framework in Frameworks */ = {isa = PBXBuildFile; fileRef = 8504C223FC9AE81EDBA2702D /* Pods_InFriendsTests.framework */; };
		4DC0B49F2C7E1C68003E9F36 /* BBucontextualMemory.swift in Sources */ = {isa = PBXBuildFile; fileRef = 4DC0B49E2C7E1C68003E9F36 /* BBucontextualMemory.swift */; };
		4DC0B4A12C7E25F2003E9F36 /* CumultimodalI.swift in Sources */ = {isa = PBXBuildFile; fileRef = 4DC0B4A02C7E25F2003E9F36 /* CumultimodalI.swift */; };
		4DC0B4A32C7E30B7003E9F36 /* AldialogueTree.swift in Sources */ = {isa = PBXBuildFile; fileRef = 4DC0B4A22C7E30B7003E9F36 /* AldialogueTree.swift */; };
		BE13EDDB2C85C7170061A5DC /* StoreKit.framework in Frameworks */ = {isa = PBXBuildFile; fileRef = BE13EDDA2C85C7170061A5DC /* StoreKit.framework */; };
		BE13EDDE2C85C8780061A5DC /* WlipSyncAnimationler.swift in Sources */ = {isa = PBXBuildFile; fileRef = BE13EDDD2C85C8780061A5DC /* WlipSyncAnimationler.swift */; };
		BE22DD002C783F9C00F27A81 /* EmaffectiveComputingler.swift in Sources */ = {isa = PBXBuildFile; fileRef = BE22DCFF2C783F9C00F27A81 /* EmaffectiveComputingler.swift */; };
		BE22DD062C78605200F27A81 /* TablongforMainionler.swift in Sources */ = {isa = PBXBuildFile; fileRef = BE22DD052C78605200F27A81 /* TablongforMainionler.swift */; };
		BE22DD082C78628700F27A81 /* HosentimentRecognitionr.swift in Sources */ = {isa = PBXBuildFile; fileRef = BE22DD072C78628700F27A81 /* HosentimentRecognitionr.swift */; };
		BE22DD0A2C78629D00F27A81 /* ColprosodyModelingler.swift in Sources */ = {isa = PBXBuildFile; fileRef = BE22DD092C78629D00F27A81 /* ColprosodyModelingler.swift */; };
		BE22DD0C2C7862A600F27A81 /* DisconversationFlower.swift in Sources */ = {isa = PBXBuildFile; fileRef = BE22DD0B2C7862A600F27A81 /* DisconversationFlower.swift */; };
		BE22DD0E2C78698000F27A81 /* HoreferenceSys.swift in Sources */ = {isa = PBXBuildFile; fileRef = BE22DD0D2C78698000F27A81 /* HoreferenceSys.swift */; };
		BE22DD102C786D6600F27A81 /* HomeRoempathicReply.swift in Sources */ = {isa = PBXBuildFile; fileRef = BE22DD0F2C786D6600F27A81 /* HomeRoempathicReply.swift */; };
		BE22DD122C786EC600F27A81 /* HomeRobotCollectionViewCell.swift in Sources */ = {isa = PBXBuildFile; fileRef = BE22DD112C786EC600F27A81 /* HomeRobotCollectionViewCell.swift */; };
		BE22DD142C7877B700F27A81 /* HomconversationalAill.swift in Sources */ = {isa = PBXBuildFile; fileRef = BE22DD132C7877B700F27A81 /* HomconversationalAill.swift */; };
		BE22DD182C788A2700F27A81 /* GrfactSystem.swift in Sources */ = {isa = PBXBuildFile; fileRef = BE22DD172C788A2700F27A81 /* GrfactSystem.swift */; };
		BE22DD1A2C7893AF00F27A81 /* MypitchProfile.swift in Sources */ = {isa = PBXBuildFile; fileRef = BE22DD192C7893AF00F27A81 /* MypitchProfile.swift */; };
		BE22DD1C2C7C180400F27A81 /* DischaracterPersona.swift in Sources */ = {isa = PBXBuildFile; fileRef = BE22DD1B2C7C180400F27A81 /* DischaracterPersona.swift */; };
		BE22DD1E2C7C255600F27A81 /* CrealatencyOptimization.swift in Sources */ = {isa = PBXBuildFile; fileRef = BE22DD1D2C7C255600F27A81 /* CrealatencyOptimization.swift */; };
		BE22DD202C7C54FE00F27A81 /* BaexpressiveSyntler.swift in Sources */ = {isa = PBXBuildFile; fileRef = BE22DD1F2C7C54FE00F27A81 /* BaexpressiveSyntler.swift */; };
		BE22DD222C7C6C9E00F27A81 /* CovirtualCompanion.swift in Sources */ = {isa = PBXBuildFile; fileRef = BE22DD212C7C6C9E00F27A81 /* CovirtualCompanion.swift */; };
		BE50DE1F2C78302100A54492 /* AppDelegate.swift in Sources */ = {isa = PBXBuildFile; fileRef = BE50DE1E2C78302100A54492 /* AppDelegate.swift */; };
		BE50DE232C78302100A54492 /* IneyeContactSimulationller.swift in Sources */ = {isa = PBXBuildFile; fileRef = BE50DE222C78302100A54492 /* IneyeContactSimulationller.swift */; };
		BE50DE262C78302100A54492 /* Base in Resources */ = {isa = PBXBuildFile; fileRef = BE50DE252C78302100A54492 /* Base */; };
		BE50DE292C78302100A54492 /* InFriends.xcdatamodeld in Sources */ = {isa = PBXBuildFile; fileRef = BE50DE272C78302100A54492 /* InFriends.xcdatamodeld */; };
		BE50DE2B2C78302200A54492 /* Assets.xcassets in Resources */ = {isa = PBXBuildFile; fileRef = BE50DE2A2C78302200A54492 /* Assets.xcassets */; };
		BE50DE2E2C78302200A54492 /* Base in Resources */ = {isa = PBXBuildFile; fileRef = BE50DE2D2C78302200A54492 /* Base */; };
		BE50DE562C78319700A54492 /* LobehavioralAdaptationler.swift in Sources */ = {isa = PBXBuildFile; fileRef = BE50DE552C78319700A54492 /* LobehavioralAdaptationler.swift */; };
		BE5605022C7EBDC100435E86 /* ac.json in Resources */ = {isa = PBXBuildFile; fileRef = BE5605012C7EBDC100435E86 /* ac.json */; };
		BE5605062C7EC0DA00435E86 /* UhaviorSyste.swift in Sources */ = {isa = PBXBuildFile; fileRef = BE5605052C7EC0DA00435E86 /* UhaviorSyste.swift */; };
		BE56050A2C7ED61300435E86 /* UserInfoInstance.swift in Sources */ = {isa = PBXBuildFile; fileRef = BE5605092C7ED61300435E86 /* UserInfoInstance.swift */; };
		BE56050C2C7EF32600435E86 /* RCulturalSystem.swift in Sources */ = {isa = PBXBuildFile; fileRef = BE56050B2C7EF32600435E86 /* RCulturalSystem.swift */; };
		BE56050E2C7EFA7900435E86 /* robot.json in Resources */ = {isa = PBXBuildFile; fileRef = BE56050D2C7EFA7900435E86 /* robot.json */; };
		BE5605102C7EFA8100435E86 /* user.json in Resources */ = {isa = PBXBuildFile; fileRef = BE56050F2C7EFA8100435E86 /* user.json */; };
		BEA7F2122C7F28E60000F3D9 /* MsituationalS.swift in Sources */ = {isa = PBXBuildFile; fileRef = BEA7F2112C7F28E60000F3D9 /* MsituationalS.swift */; };
		BEF79AF42C85500500A57F15 /* INAPempathicResponse.swift in Sources */ = {isa = PBXBuildFile; fileRef = BEF79AF32C85500500A57F15 /* INAPempathicResponse.swift */; };
		BEF79AF62C859AC000A57F15 /* ViemotionalEngagementer.swift in Sources */ = {isa = PBXBuildFile; fileRef = BEF79AF52C859AC000A57F15 /* ViemotionalEngagementer.swift */; };
		BEF79AF82C85A8F000A57F15 /* UstonalVariationler.swift in Sources */ = {isa = PBXBuildFile; fileRef = BEF79AF72C85A8F000A57F15 /* UstonalVariationler.swift */; };
		BEFEC8612C7D724700602074 /* SeadaptiveResponse.swift in Sources */ = {isa = PBXBuildFile; fileRef = BEFEC8602C7D724700602074 /* SeadaptiveResponse.swift */; };
		BEFEC8632C7D810900602074 /* FestoryArcler.swift in Sources */ = {isa = PBXBuildFile; fileRef = BEFEC8622C7D810900602074 /* FestoryArcler.swift */; };
		BEFEC8672C7D9D5D00602074 /* AbouworldBuildinger.swift in Sources */ = {isa = PBXBuildFile; fileRef = BEFEC8662C7D9D5D00602074 /* AbouworldBuildinger.swift */; };
		BEFEC8692C7DA0F500602074 /* UscharacterBackstoryer.swift in Sources */ = {isa = PBXBuildFile; fileRef = BEFEC8682C7DA0F500602074 /* UscharacterBackstoryer.swift */; };
		BEFEC86B2C7DA1CB00602074 /* UseemotionalSynthesis.swift in Sources */ = {isa = PBXBuildFile; fileRef = BEFEC86A2C7DA1CB00602074 /* UseemotionalSynthesis.swift */; };
		BEFEC86F2C7DA3C000602074 /* UsercenterReusableView.swift in Sources */ = {isa = PBXBuildFile; fileRef = BEFEC86E2C7DA3C000602074 /* UsercenterReusableView.swift */; };
		BEFEC8712C7DADBD00602074 /* EdrelationshipDepther.swift in Sources */ = {isa = PBXBuildFile; fileRef = BEFEC8702C7DADBD00602074 /* EdrelationshipDepther.swift */; };
		BEFEC8732C7DAFE400602074 /* ChchoiceDrivenr.swift in Sources */ = {isa = PBXBuildFile; fileRef = BEFEC8722C7DAFE400602074 /* ChchoiceDrivenr.swift */; };
		BEFEC8752C7DBBA400602074 /* ChvoiceCustomization,.swift in Sources */ = {isa = PBXBuildFile; fileRef = BEFEC8742C7DBBA400602074 /* ChvoiceCustomization,.swift */; };
		BEFEC8772C7DBD5800602074 /* ChaLavatarPersonalization.swift in Sources */ = {isa = PBXBuildFile; fileRef = BEFEC8762C7DBD5800602074 /* ChaLavatarPersonalization.swift */; };
		BEFEC8792C7DD47F00602074 /* WalplotTwistler.swift in Sources */ = {isa = PBXBuildFile; fileRef = BEFEC8782C7DD47F00602074 /* WalplotTwistler.swift */; };
		BEFEC87C2C7DDD8900602074 /* WinteractiveNarrative.xib in Resources */ = {isa = PBXBuildFile; fileRef = BEFEC87B2C7DDD8900602074 /* WinteractiveNarrative.xib */; };
		BEFEC87D2C7DDD8900602074 /* WinteractiveNarrative.swift in Sources */ = {isa = PBXBuildFile; fileRef = BEFEC87A2C7DDD8900602074 /* WinteractiveNarrative.swift */; };
/* End PBXBuildFile section */

/* Begin PBXContainerItemProxy section */
		BE50DE352C78302200A54492 /* PBXContainerItemProxy */ = {
			isa = PBXContainerItemProxy;
			containerPortal = BE50DE132C78302100A54492 /* Project object */;
			proxyType = 1;
			remoteGlobalIDString = BE50DE1A2C78302100A54492;
			remoteInfo = InFriends;
		};
		BE50DE3F2C78302200A54492 /* PBXContainerItemProxy */ = {
			isa = PBXContainerItemProxy;
			containerPortal = BE50DE132C78302100A54492 /* Project object */;
			proxyType = 1;
			remoteGlobalIDString = BE50DE1A2C78302100A54492;
			remoteInfo = InFriends;
		};
/* End PBXContainerItemProxy section */

/* Begin PBXFileReference section */
		0498AB8475F38E94780F0A85 /* Pods-InFriendsTests.release.xcconfig */ = {isa = PBXFileReference; includeInIndex = 1; lastKnownFileType = text.xcconfig; name = "Pods-InFriendsTests.release.xcconfig"; path = "Target Support Files/Pods-InFriendsTests/Pods-InFriendsTests.release.xcconfig"; sourceTree = "<group>"; };
		04E35D362E20A56000B12CEB /* InNewsViewController.swift */ = {isa = PBXFileReference; lastKnownFileType = sourcecode.swift; path = InNewsViewController.swift; sourceTree = "<group>"; };
		21FE17F665F2BBF44894C7ED /* Pods-InFriends-InFriendsUITests.release.xcconfig */ = {isa = PBXFileReference; includeInIndex = 1; lastKnownFileType = text.xcconfig; name = "Pods-InFriends-InFriendsUITests.release.xcconfig"; path = "Target Support Files/Pods-InFriends-InFriendsUITests/Pods-InFriends-InFriendsUITests.release.xcconfig"; sourceTree = "<group>"; };
		2B65AD5D7CD6672705A49B5B /* Pods_InFriends_InFriendsUITests.framework */ = {isa = PBXFileReference; explicitFileType = wrapper.framework; includeInIndex = 0; path = Pods_InFriends_InFriendsUITests.framework; sourceTree = BUILT_PRODUCTS_DIR; };
		4220C9F8A02011C27FF16825 /* Pods-InFriends.debug.xcconfig */ = {isa = PBXFileReference; includeInIndex = 1; lastKnownFileType = text.xcconfig; name = "Pods-InFriends.debug.xcconfig"; path = "Target Support Files/Pods-InFriends/Pods-InFriends.debug.xcconfig"; sourceTree = "<group>"; };
		4D1D8B3F2CA6C1A800B7D919 /* InFriends.entitlements */ = {isa = PBXFileReference; lastKnownFileType = text.plist.entitlements; path = InFriends.entitlements; sourceTree = "<group>"; };
		4DC0B49E2C7E1C68003E9F36 /* BBucontextualMemory.swift */ = {isa = PBXFileReference; lastKnownFileType = sourcecode.swift; path = BBucontextualMemory.swift; sourceTree = "<group>"; };
		4DC0B4A02C7E25F2003E9F36 /* CumultimodalI.swift */ = {isa = PBXFileReference; lastKnownFileType = sourcecode.swift; path = CumultimodalI.swift; sourceTree = "<group>"; };
		4DC0B4A22C7E30B7003E9F36 /* AldialogueTree.swift */ = {isa = PBXFileReference; lastKnownFileType = sourcecode.swift; path = AldialogueTree.swift; sourceTree = "<group>"; };
		8504C223FC9AE81EDBA2702D /* Pods_InFriendsTests.framework */ = {isa = PBXFileReference; explicitFileType = wrapper.framework; includeInIndex = 0; path = Pods_InFriendsTests.framework; sourceTree = BUILT_PRODUCTS_DIR; };
		94CA33EE5BF5065669929C52 /* Pods-InFriends.release.xcconfig */ = {isa = PBXFileReference; includeInIndex = 1; lastKnownFileType = text.xcconfig; name = "Pods-InFriends.release.xcconfig"; path = "Target Support Files/Pods-InFriends/Pods-InFriends.release.xcconfig"; sourceTree = "<group>"; };
		B992E35BCDDD7078204F3C62 /* Pods-InFriendsTests.debug.xcconfig */ = {isa = PBXFileReference; includeInIndex = 1; lastKnownFileType = text.xcconfig; name = "Pods-InFriendsTests.debug.xcconfig"; path = "Target Support Files/Pods-InFriendsTests/Pods-InFriendsTests.debug.xcconfig"; sourceTree = "<group>"; };
		BE13EDDA2C85C7170061A5DC /* StoreKit.framework */ = {isa = PBXFileReference; lastKnownFileType = wrapper.framework; name = StoreKit.framework; path = System/Library/Frameworks/StoreKit.framework; sourceTree = SDKROOT; };
		BE13EDDD2C85C8780061A5DC /* WlipSyncAnimationler.swift */ = {isa = PBXFileReference; lastKnownFileType = sourcecode.swift; path = WlipSyncAnimationler.swift; sourceTree = "<group>"; };
		BE22DCFF2C783F9C00F27A81 /* EmaffectiveComputingler.swift */ = {isa = PBXFileReference; lastKnownFileType = sourcecode.swift; path = EmaffectiveComputingler.swift; sourceTree = "<group>"; };
		BE22DD052C78605200F27A81 /* TablongforMainionler.swift */ = {isa = PBXFileReference; lastKnownFileType = sourcecode.swift; path = TablongforMainionler.swift; sourceTree = "<group>"; };
		BE22DD072C78628700F27A81 /* HosentimentRecognitionr.swift */ = {isa = PBXFileReference; lastKnownFileType = sourcecode.swift; path = HosentimentRecognitionr.swift; sourceTree = "<group>"; };
		BE22DD092C78629D00F27A81 /* ColprosodyModelingler.swift */ = {isa = PBXFileReference; lastKnownFileType = sourcecode.swift; path = ColprosodyModelingler.swift; sourceTree = "<group>"; };
		BE22DD0B2C7862A600F27A81 /* DisconversationFlower.swift */ = {isa = PBXFileReference; lastKnownFileType = sourcecode.swift; path = DisconversationFlower.swift; sourceTree = "<group>"; };
		BE22DD0D2C78698000F27A81 /* HoreferenceSys.swift */ = {isa = PBXFileReference; lastKnownFileType = sourcecode.swift; path = HoreferenceSys.swift; sourceTree = "<group>"; };
		BE22DD0F2C786D6600F27A81 /* HomeRoempathicReply.swift */ = {isa = PBXFileReference; lastKnownFileType = sourcecode.swift; path = HomeRoempathicReply.swift; sourceTree = "<group>"; };
		BE22DD112C786EC600F27A81 /* HomeRobotCollectionViewCell.swift */ = {isa = PBXFileReference; lastKnownFileType = sourcecode.swift; path = HomeRobotCollectionViewCell.swift; sourceTree = "<group>"; };
		BE22DD132C7877B700F27A81 /* HomconversationalAill.swift */ = {isa = PBXFileReference; lastKnownFileType = sourcecode.swift; path = HomconversationalAill.swift; sourceTree = "<group>"; };
		BE22DD172C788A2700F27A81 /* GrfactSystem.swift */ = {isa = PBXFileReference; lastKnownFileType = sourcecode.swift; path = GrfactSystem.swift; sourceTree = "<group>"; };
		BE22DD192C7893AF00F27A81 /* MypitchProfile.swift */ = {isa = PBXFileReference; lastKnownFileType = sourcecode.swift; path = MypitchProfile.swift; sourceTree = "<group>"; };
		BE22DD1B2C7C180400F27A81 /* DischaracterPersona.swift */ = {isa = PBXFileReference; lastKnownFileType = sourcecode.swift; path = DischaracterPersona.swift; sourceTree = "<group>"; };
		BE22DD1D2C7C255600F27A81 /* CrealatencyOptimization.swift */ = {isa = PBXFileReference; lastKnownFileType = sourcecode.swift; path = CrealatencyOptimization.swift; sourceTree = "<group>"; };
		BE22DD1F2C7C54FE00F27A81 /* BaexpressiveSyntler.swift */ = {isa = PBXFileReference; lastKnownFileType = sourcecode.swift; path = BaexpressiveSyntler.swift; sourceTree = "<group>"; };
		BE22DD212C7C6C9E00F27A81 /* CovirtualCompanion.swift */ = {isa = PBXFileReference; lastKnownFileType = sourcecode.swift; path = CovirtualCompanion.swift; sourceTree = "<group>"; };
		BE50DE1B2C78302100A54492 /* InFriends.app */ = {isa = PBXFileReference; explicitFileType = wrapper.application; includeInIndex = 0; path = InFriends.app; sourceTree = BUILT_PRODUCTS_DIR; };
		BE50DE1E2C78302100A54492 /* AppDelegate.swift */ = {isa = PBXFileReference; lastKnownFileType = sourcecode.swift; path = AppDelegate.swift; sourceTree = "<group>"; };
		BE50DE222C78302100A54492 /* IneyeContactSimulationller.swift */ = {isa = PBXFileReference; lastKnownFileType = sourcecode.swift; path = IneyeContactSimulationller.swift; sourceTree = "<group>"; };
		BE50DE252C78302100A54492 /* Base */ = {isa = PBXFileReference; lastKnownFileType = file.storyboard; name = Base; path = Base.lproj/Main.storyboard; sourceTree = "<group>"; };
		BE50DE282C78302100A54492 /* InFriends.xcdatamodel */ = {isa = PBXFileReference; lastKnownFileType = wrapper.xcdatamodel; path = InFriends.xcdatamodel; sourceTree = "<group>"; };
		BE50DE2A2C78302200A54492 /* Assets.xcassets */ = {isa = PBXFileReference; lastKnownFileType = folder.assetcatalog; path = Assets.xcassets; sourceTree = "<group>"; };
		BE50DE2D2C78302200A54492 /* Base */ = {isa = PBXFileReference; lastKnownFileType = file.storyboard; name = Base; path = Base.lproj/LaunchScreen.storyboard; sourceTree = "<group>"; };
		BE50DE2F2C78302200A54492 /* Info.plist */ = {isa = PBXFileReference; lastKnownFileType = text.plist.xml; path = Info.plist; sourceTree = "<group>"; };
		BE50DE342C78302200A54492 /* InFriendsTests.xctest */ = {isa = PBXFileReference; explicitFileType = wrapper.cfbundle; includeInIndex = 0; path = InFriendsTests.xctest; sourceTree = BUILT_PRODUCTS_DIR; };
		BE50DE3E2C78302200A54492 /* InFriendsUITests.xctest */ = {isa = PBXFileReference; explicitFileType = wrapper.cfbundle; includeInIndex = 0; path = InFriendsUITests.xctest; sourceTree = BUILT_PRODUCTS_DIR; };
		BE50DE552C78319700A54492 /* LobehavioralAdaptationler.swift */ = {isa = PBXFileReference; lastKnownFileType = sourcecode.swift; path = LobehavioralAdaptationler.swift; sourceTree = "<group>"; };
		BE5605012C7EBDC100435E86 /* ac.json */ = {isa = PBXFileReference; fileEncoding = 4; lastKnownFileType = text.json; path = ac.json; sourceTree = "<group>"; };
		BE5605052C7EC0DA00435E86 /* UhaviorSyste.swift */ = {isa = PBXFileReference; lastKnownFileType = sourcecode.swift; path = UhaviorSyste.swift; sourceTree = "<group>"; };
		BE5605092C7ED61300435E86 /* UserInfoInstance.swift */ = {isa = PBXFileReference; lastKnownFileType = sourcecode.swift; path = UserInfoInstance.swift; sourceTree = "<group>"; };
		BE56050B2C7EF32600435E86 /* RCulturalSystem.swift */ = {isa = PBXFileReference; lastKnownFileType = sourcecode.swift; path = RCulturalSystem.swift; sourceTree = "<group>"; };
		BE56050D2C7EFA7900435E86 /* robot.json */ = {isa = PBXFileReference; fileEncoding = 4; lastKnownFileType = text.json; path = robot.json; sourceTree = "<group>"; };
		BE56050F2C7EFA8100435E86 /* user.json */ = {isa = PBXFileReference; fileEncoding = 4; lastKnownFileType = text.json; path = user.json; sourceTree = "<group>"; };
		BEA7F2112C7F28E60000F3D9 /* MsituationalS.swift */ = {isa = PBXFileReference; lastKnownFileType = sourcecode.swift; path = MsituationalS.swift; sourceTree = "<group>"; };
		BEF79AF32C85500500A57F15 /* INAPempathicResponse.swift */ = {isa = PBXFileReference; lastKnownFileType = sourcecode.swift; path = INAPempathicResponse.swift; sourceTree = "<group>"; };
		BEF79AF52C859AC000A57F15 /* ViemotionalEngagementer.swift */ = {isa = PBXFileReference; lastKnownFileType = sourcecode.swift; path = ViemotionalEngagementer.swift; sourceTree = "<group>"; };
		BEF79AF72C85A8F000A57F15 /* UstonalVariationler.swift */ = {isa = PBXFileReference; lastKnownFileType = sourcecode.swift; path = UstonalVariationler.swift; sourceTree = "<group>"; };
		BEFEC8602C7D724700602074 /* SeadaptiveResponse.swift */ = {isa = PBXFileReference; lastKnownFileType = sourcecode.swift; path = SeadaptiveResponse.swift; sourceTree = "<group>"; };
		BEFEC8622C7D810900602074 /* FestoryArcler.swift */ = {isa = PBXFileReference; lastKnownFileType = sourcecode.swift; path = FestoryArcler.swift; sourceTree = "<group>"; };
		BEFEC8662C7D9D5D00602074 /* AbouworldBuildinger.swift */ = {isa = PBXFileReference; lastKnownFileType = sourcecode.swift; path = AbouworldBuildinger.swift; sourceTree = "<group>"; };
		BEFEC8682C7DA0F500602074 /* UscharacterBackstoryer.swift */ = {isa = PBXFileReference; lastKnownFileType = sourcecode.swift; path = UscharacterBackstoryer.swift; sourceTree = "<group>"; };
		BEFEC86A2C7DA1CB00602074 /* UseemotionalSynthesis.swift */ = {isa = PBXFileReference; lastKnownFileType = sourcecode.swift; path = UseemotionalSynthesis.swift; sourceTree = "<group>"; };
		BEFEC86E2C7DA3C000602074 /* UsercenterReusableView.swift */ = {isa = PBXFileReference; lastKnownFileType = sourcecode.swift; path = UsercenterReusableView.swift; sourceTree = "<group>"; };
		BEFEC8702C7DADBD00602074 /* EdrelationshipDepther.swift */ = {isa = PBXFileReference; lastKnownFileType = sourcecode.swift; path = EdrelationshipDepther.swift; sourceTree = "<group>"; };
		BEFEC8722C7DAFE400602074 /* ChchoiceDrivenr.swift */ = {isa = PBXFileReference; lastKnownFileType = sourcecode.swift; path = ChchoiceDrivenr.swift; sourceTree = "<group>"; };
		BEFEC8742C7DBBA400602074 /* ChvoiceCustomization,.swift */ = {isa = PBXFileReference; lastKnownFileType = sourcecode.swift; path = "ChvoiceCustomization,.swift"; sourceTree = "<group>"; };
		BEFEC8762C7DBD5800602074 /* ChaLavatarPersonalization.swift */ = {isa = PBXFileReference; lastKnownFileType = sourcecode.swift; path = ChaLavatarPersonalization.swift; sourceTree = "<group>"; };
		BEFEC8782C7DD47F00602074 /* WalplotTwistler.swift */ = {isa = PBXFileReference; lastKnownFileType = sourcecode.swift; path = WalplotTwistler.swift; sourceTree = "<group>"; };
		BEFEC87A2C7DDD8900602074 /* WinteractiveNarrative.swift */ = {isa = PBXFileReference; lastKnownFileType = sourcecode.swift; path = WinteractiveNarrative.swift; sourceTree = "<group>"; };
		BEFEC87B2C7DDD8900602074 /* WinteractiveNarrative.xib */ = {isa = PBXFileReference; lastKnownFileType = file.xib; path = WinteractiveNarrative.xib; sourceTree = "<group>"; };
		D1A3BA1BC61A8DD77561AF73 /* Pods_InFriends.framework */ = {isa = PBXFileReference; explicitFileType = wrapper.framework; includeInIndex = 0; path = Pods_InFriends.framework; sourceTree = BUILT_PRODUCTS_DIR; };
		D4B43BC5B786D2AFB1423322 /* Pods-InFriends-InFriendsUITests.debug.xcconfig */ = {isa = PBXFileReference; includeInIndex = 1; lastKnownFileType = text.xcconfig; name = "Pods-InFriends-InFriendsUITests.debug.xcconfig"; path = "Target Support Files/Pods-InFriends-InFriendsUITests/Pods-InFriends-InFriendsUITests.debug.xcconfig"; sourceTree = "<group>"; };
/* End PBXFileReference section */

/* Begin PBXFrameworksBuildPhase section */
		BE50DE182C78302100A54492 /* Frameworks */ = {
			isa = PBXFrameworksBuildPhase;
			buildActionMask = 2147483647;
			files = (
				3D9A7819CA84D0CF16BC235F /* Pods_InFriends.framework in Frameworks */,
				BE13EDDB2C85C7170061A5DC /* StoreKit.framework in Frameworks */,
			);
			runOnlyForDeploymentPostprocessing = 0;
		};
		BE50DE312C78302200A54492 /* Frameworks */ = {
			isa = PBXFrameworksBuildPhase;
			buildActionMask = 2147483647;
			files = (
				4BBAE452820995E71794D117 /* Pods_InFriendsTests.framework in Frameworks */,
			);
			runOnlyForDeploymentPostprocessing = 0;
		};
		BE50DE3B2C78302200A54492 /* Frameworks */ = {
			isa = PBXFrameworksBuildPhase;
			buildActionMask = 2147483647;
			files = (
				4A250B9EC8BAD632A046853A /* Pods_InFriends_InFriendsUITests.framework in Frameworks */,
			);
			runOnlyForDeploymentPostprocessing = 0;
		};
/* End PBXFrameworksBuildPhase section */

/* Begin PBXGroup section */
		836F8FC2BF4F5C4C505E625C /* Frameworks */ = {
			isa = PBXGroup;
			children = (
				BE13EDDA2C85C7170061A5DC /* StoreKit.framework */,
				D1A3BA1BC61A8DD77561AF73 /* Pods_InFriends.framework */,
				2B65AD5D7CD6672705A49B5B /* Pods_InFriends_InFriendsUITests.framework */,
				8504C223FC9AE81EDBA2702D /* Pods_InFriendsTests.framework */,
			);
			name = Frameworks;
			sourceTree = "<group>";
		};
		BE22DCF82C7834B200F27A81 /* Exoffice */ = {
			isa = PBXGroup;
			children = (
				4DC0B4A22C7E30B7003E9F36 /* AldialogueTree.swift */,
				BE5605092C7ED61300435E86 /* UserInfoInstance.swift */,
				BEF79AF32C85500500A57F15 /* INAPempathicResponse.swift */,
			);
			path = Exoffice;
			sourceTree = "<group>";
		};
		BE50DE122C78302100A54492 = {
			isa = PBXGroup;
			children = (
				BE50DE1D2C78302100A54492 /* InFriends */,
				BE50DE1C2C78302100A54492 /* Products */,
				C38EA49B3A50B3E38C5FBD28 /* Pods */,
				836F8FC2BF4F5C4C505E625C /* Frameworks */,
			);
			sourceTree = "<group>";
		};
		BE50DE1C2C78302100A54492 /* Products */ = {
			isa = PBXGroup;
			children = (
				BE50DE1B2C78302100A54492 /* InFriends.app */,
				BE50DE342C78302200A54492 /* InFriendsTests.xctest */,
				BE50DE3E2C78302200A54492 /* InFriendsUITests.xctest */,
			);
			name = Products;
			sourceTree = "<group>";
		};
		BE50DE1D2C78302100A54492 /* InFriends */ = {
			isa = PBXGroup;
			children = (
				4D1D8B3F2CA6C1A800B7D919 /* InFriends.entitlements */,
				BE22DCF82C7834B200F27A81 /* Exoffice */,
				BE50DE542C78318500A54492 /* Resource */,
				BE50DE532C78317F00A54492 /* Midem */,
				BE50DE522C78317600A54492 /* ViewSecenefaraw */,
				BE50DE512C78316100A54492 /* CoustomeColler */,
				BE50DE1E2C78302100A54492 /* AppDelegate.swift */,
				BE22DD052C78605200F27A81 /* TablongforMainionler.swift */,
				BE50DE242C78302100A54492 /* Main.storyboard */,
				BE50DE2A2C78302200A54492 /* Assets.xcassets */,
				BE50DE2C2C78302200A54492 /* LaunchScreen.storyboard */,
				BE50DE2F2C78302200A54492 /* Info.plist */,
				BE50DE272C78302100A54492 /* InFriends.xcdatamodeld */,
			);
			path = InFriends;
			sourceTree = "<group>";
		};
		BE50DE512C78316100A54492 /* CoustomeColler */ = {
			isa = PBXGroup;
			children = (
				BE22DD1F2C7C54FE00F27A81 /* BaexpressiveSyntler.swift */,
				BE50DE552C78319700A54492 /* LobehavioralAdaptationler.swift */,
				BE22DCFF2C783F9C00F27A81 /* EmaffectiveComputingler.swift */,
				BE22DD072C78628700F27A81 /* HosentimentRecognitionr.swift */,
				BE22DD092C78629D00F27A81 /* ColprosodyModelingler.swift */,
				BE22DD0B2C7862A600F27A81 /* DisconversationFlower.swift */,
				BE22DD1D2C7C255600F27A81 /* CrealatencyOptimization.swift */,
				BEFEC8602C7D724700602074 /* SeadaptiveResponse.swift */,
				BEFEC8622C7D810900602074 /* FestoryArcler.swift */,
				BEFEC8662C7D9D5D00602074 /* AbouworldBuildinger.swift */,
				BEFEC8682C7DA0F500602074 /* UscharacterBackstoryer.swift */,
				BEFEC8702C7DADBD00602074 /* EdrelationshipDepther.swift */,
				BEFEC8722C7DAFE400602074 /* ChchoiceDrivenr.swift */,
				BEFEC8782C7DD47F00602074 /* WalplotTwistler.swift */,
				BEF79AF52C859AC000A57F15 /* ViemotionalEngagementer.swift */,
				BEF79AF72C85A8F000A57F15 /* UstonalVariationler.swift */,
				BE13EDDD2C85C8780061A5DC /* WlipSyncAnimationler.swift */,
				BE50DE222C78302100A54492 /* IneyeContactSimulationller.swift */,
				04E35D362E20A56000B12CEB /* InNewsViewController.swift */,
			);
			path = CoustomeColler;
			sourceTree = "<group>";
		};
		BE50DE522C78317600A54492 /* ViewSecenefaraw */ = {
			isa = PBXGroup;
			children = (
				BE22DD0D2C78698000F27A81 /* HoreferenceSys.swift */,
				BE22DD172C788A2700F27A81 /* GrfactSystem.swift */,
				BE22DD0F2C786D6600F27A81 /* HomeRoempathicReply.swift */,
				BE22DD112C786EC600F27A81 /* HomeRobotCollectionViewCell.swift */,
				BE22DD132C7877B700F27A81 /* HomconversationalAill.swift */,
				BE22DD192C7893AF00F27A81 /* MypitchProfile.swift */,
				BE22DD212C7C6C9E00F27A81 /* CovirtualCompanion.swift */,
				BE22DD1B2C7C180400F27A81 /* DischaracterPersona.swift */,
				BEFEC86A2C7DA1CB00602074 /* UseemotionalSynthesis.swift */,
				BEFEC86E2C7DA3C000602074 /* UsercenterReusableView.swift */,
				BEFEC8742C7DBBA400602074 /* ChvoiceCustomization,.swift */,
				BEFEC8762C7DBD5800602074 /* ChaLavatarPersonalization.swift */,
				BEFEC87A2C7DDD8900602074 /* WinteractiveNarrative.swift */,
				BEFEC87B2C7DDD8900602074 /* WinteractiveNarrative.xib */,
				4DC0B49E2C7E1C68003E9F36 /* BBucontextualMemory.swift */,
				4DC0B4A02C7E25F2003E9F36 /* CumultimodalI.swift */,
			);
			path = ViewSecenefaraw;
			sourceTree = "<group>";
		};
		BE50DE532C78317F00A54492 /* Midem */ = {
			isa = PBXGroup;
			children = (
				BE5605052C7EC0DA00435E86 /* UhaviorSyste.swift */,
				BE56050B2C7EF32600435E86 /* RCulturalSystem.swift */,
				BEA7F2112C7F28E60000F3D9 /* MsituationalS.swift */,
			);
			path = Midem;
			sourceTree = "<group>";
		};
		BE50DE542C78318500A54492 /* Resource */ = {
			isa = PBXGroup;
			children = (
				BE56050D2C7EFA7900435E86 /* robot.json */,
				BE5605012C7EBDC100435E86 /* ac.json */,
				BE56050F2C7EFA8100435E86 /* user.json */,
			);
			path = Resource;
			sourceTree = "<group>";
		};
		C38EA49B3A50B3E38C5FBD28 /* Pods */ = {
			isa = PBXGroup;
			children = (
				4220C9F8A02011C27FF16825 /* Pods-InFriends.debug.xcconfig */,
				94CA33EE5BF5065669929C52 /* Pods-InFriends.release.xcconfig */,
				D4B43BC5B786D2AFB1423322 /* Pods-InFriends-InFriendsUITests.debug.xcconfig */,
				21FE17F665F2BBF44894C7ED /* Pods-InFriends-InFriendsUITests.release.xcconfig */,
				B992E35BCDDD7078204F3C62 /* Pods-InFriendsTests.debug.xcconfig */,
				0498AB8475F38E94780F0A85 /* Pods-InFriendsTests.release.xcconfig */,
			);
			path = Pods;
			sourceTree = "<group>";
		};
/* End PBXGroup section */

/* Begin PBXNativeTarget section */
		BE50DE1A2C78302100A54492 /* InFriends */ = {
			isa = PBXNativeTarget;
			buildConfigurationList = BE50DE482C78302200A54492 /* Build configuration list for PBXNativeTarget "InFriends" */;
			buildPhases = (
				4766561BD422348CD0BDBE31 /* [CP] Check Pods Manifest.lock */,
				BE50DE172C78302100A54492 /* Sources */,
				BE50DE182C78302100A54492 /* Frameworks */,
				BE50DE192C78302100A54492 /* Resources */,
				4F1BD3824CEC1D6BB5780516 /* [CP] Embed Pods Frameworks */,
			);
			buildRules = (
			);
			dependencies = (
			);
			name = InFriends;
			productName = InFriends;
			productReference = BE50DE1B2C78302100A54492 /* InFriends.app */;
			productType = "com.apple.product-type.application";
		};
		BE50DE332C78302200A54492 /* InFriendsTests */ = {
			isa = PBXNativeTarget;
			buildConfigurationList = BE50DE4B2C78302200A54492 /* Build configuration list for PBXNativeTarget "InFriendsTests" */;
			buildPhases = (
				B0ED19E34CFD17E266040080 /* [CP] Check Pods Manifest.lock */,
				BE50DE302C78302200A54492 /* Sources */,
				BE50DE312C78302200A54492 /* Frameworks */,
				BE50DE322C78302200A54492 /* Resources */,
			);
			buildRules = (
			);
			dependencies = (
				BE50DE362C78302200A54492 /* PBXTargetDependency */,
			);
			name = InFriendsTests;
			productName = InFriendsTests;
			productReference = BE50DE342C78302200A54492 /* InFriendsTests.xctest */;
			productType = "com.apple.product-type.bundle.unit-test";
		};
		BE50DE3D2C78302200A54492 /* InFriendsUITests */ = {
			isa = PBXNativeTarget;
			buildConfigurationList = BE50DE4E2C78302200A54492 /* Build configuration list for PBXNativeTarget "InFriendsUITests" */;
			buildPhases = (
				0D964BC110ED8412EC89E33C /* [CP] Check Pods Manifest.lock */,
				BE50DE3A2C78302200A54492 /* Sources */,
				BE50DE3B2C78302200A54492 /* Frameworks */,
				BE50DE3C2C78302200A54492 /* Resources */,
				A484599F60AF374380838695 /* [CP] Embed Pods Frameworks */,
			);
			buildRules = (
			);
			dependencies = (
				BE50DE402C78302200A54492 /* PBXTargetDependency */,
			);
			name = InFriendsUITests;
			productName = InFriendsUITests;
			productReference = BE50DE3E2C78302200A54492 /* InFriendsUITests.xctest */;
			productType = "com.apple.product-type.bundle.ui-testing";
		};
/* End PBXNativeTarget section */

/* Begin PBXProject section */
		BE50DE132C78302100A54492 /* Project object */ = {
			isa = PBXProject;
			attributes = {
				BuildIndependentTargetsInParallel = 1;
				LastSwiftUpdateCheck = 1540;
				LastUpgradeCheck = 1540;
				TargetAttributes = {
					BE50DE1A2C78302100A54492 = {
						CreatedOnToolsVersion = 15.4;
					};
					BE50DE332C78302200A54492 = {
						CreatedOnToolsVersion = 15.4;
						TestTargetID = BE50DE1A2C78302100A54492;
					};
					BE50DE3D2C78302200A54492 = {
						CreatedOnToolsVersion = 15.4;
						TestTargetID = BE50DE1A2C78302100A54492;
					};
				};
			};
			buildConfigurationList = BE50DE162C78302100A54492 /* Build configuration list for PBXProject "InFriends" */;
			compatibilityVersion = "Xcode 14.0";
			developmentRegion = en;
			hasScannedForEncodings = 0;
			knownRegions = (
				en,
				Base,
			);
			mainGroup = BE50DE122C78302100A54492;
			productRefGroup = BE50DE1C2C78302100A54492 /* Products */;
			projectDirPath = "";
			projectRoot = "";
			targets = (
				BE50DE1A2C78302100A54492 /* InFriends */,
				BE50DE332C78302200A54492 /* InFriendsTests */,
				BE50DE3D2C78302200A54492 /* InFriendsUITests */,
			);
		};
/* End PBXProject section */

/* Begin PBXResourcesBuildPhase section */
		BE50DE192C78302100A54492 /* Resources */ = {
			isa = PBXResourcesBuildPhase;
			buildActionMask = 2147483647;
			files = (
				BE5605102C7EFA8100435E86 /* user.json in Resources */,
				BEFEC87C2C7DDD8900602074 /* WinteractiveNarrative.xib in Resources */,
				BE50DE2B2C78302200A54492 /* Assets.xcassets in Resources */,
				BE50DE2E2C78302200A54492 /* Base in Resources */,
				BE5605022C7EBDC100435E86 /* ac.json in Resources */,
				BE56050E2C7EFA7900435E86 /* robot.json in Resources */,
				BE50DE262C78302100A54492 /* Base in Resources */,
			);
			runOnlyForDeploymentPostprocessing = 0;
		};
		BE50DE322C78302200A54492 /* Resources */ = {
			isa = PBXResourcesBuildPhase;
			buildActionMask = 2147483647;
			files = (
			);
			runOnlyForDeploymentPostprocessing = 0;
		};
		BE50DE3C2C78302200A54492 /* Resources */ = {
			isa = PBXResourcesBuildPhase;
			buildActionMask = 2147483647;
			files = (
			);
			runOnlyForDeploymentPostprocessing = 0;
		};
/* End PBXResourcesBuildPhase section */

/* Begin PBXShellScriptBuildPhase section */
		0D964BC110ED8412EC89E33C /* [CP] Check Pods Manifest.lock */ = {
			isa = PBXShellScriptBuildPhase;
			buildActionMask = 2147483647;
			files = (
			);
			inputFileListPaths = (
			);
			inputPaths = (
				"${PODS_PODFILE_DIR_PATH}/Podfile.lock",
				"${PODS_ROOT}/Manifest.lock",
			);
			name = "[CP] Check Pods Manifest.lock";
			outputFileListPaths = (
			);
			outputPaths = (
				"$(DERIVED_FILE_DIR)/Pods-InFriends-InFriendsUITests-checkManifestLockResult.txt",
			);
			runOnlyForDeploymentPostprocessing = 0;
			shellPath = /bin/sh;
			shellScript = "diff \"${PODS_PODFILE_DIR_PATH}/Podfile.lock\" \"${PODS_ROOT}/Manifest.lock\" > /dev/null\nif [ $? != 0 ] ; then\n    # print error to STDERR\n    echo \"error: The sandbox is not in sync with the Podfile.lock. Run 'pod install' or update your CocoaPods installation.\" >&2\n    exit 1\nfi\n# This output is used by Xcode 'outputs' to avoid re-running this script phase.\necho \"SUCCESS\" > \"${SCRIPT_OUTPUT_FILE_0}\"\n";
			showEnvVarsInLog = 0;
		};
		4766561BD422348CD0BDBE31 /* [CP] Check Pods Manifest.lock */ = {
			isa = PBXShellScriptBuildPhase;
			buildActionMask = 2147483647;
			files = (
			);
			inputFileListPaths = (
			);
			inputPaths = (
				"${PODS_PODFILE_DIR_PATH}/Podfile.lock",
				"${PODS_ROOT}/Manifest.lock",
			);
			name = "[CP] Check Pods Manifest.lock";
			outputFileListPaths = (
			);
			outputPaths = (
				"$(DERIVED_FILE_DIR)/Pods-InFriends-checkManifestLockResult.txt",
			);
			runOnlyForDeploymentPostprocessing = 0;
			shellPath = /bin/sh;
			shellScript = "diff \"${PODS_PODFILE_DIR_PATH}/Podfile.lock\" \"${PODS_ROOT}/Manifest.lock\" > /dev/null\nif [ $? != 0 ] ; then\n    # print error to STDERR\n    echo \"error: The sandbox is not in sync with the Podfile.lock. Run 'pod install' or update your CocoaPods installation.\" >&2\n    exit 1\nfi\n# This output is used by Xcode 'outputs' to avoid re-running this script phase.\necho \"SUCCESS\" > \"${SCRIPT_OUTPUT_FILE_0}\"\n";
			showEnvVarsInLog = 0;
		};
		4F1BD3824CEC1D6BB5780516 /* [CP] Embed Pods Frameworks */ = {
			isa = PBXShellScriptBuildPhase;
			buildActionMask = 2147483647;
			files = (
			);
			inputFileListPaths = (
				"${PODS_ROOT}/Target Support Files/Pods-InFriends/Pods-InFriends-frameworks-${CONFIGURATION}-input-files.xcfilelist",
			);
			name = "[CP] Embed Pods Frameworks";
			outputFileListPaths = (
				"${PODS_ROOT}/Target Support Files/Pods-InFriends/Pods-InFriends-frameworks-${CONFIGURATION}-output-files.xcfilelist",
			);
			runOnlyForDeploymentPostprocessing = 0;
			shellPath = /bin/sh;
			shellScript = "\"${PODS_ROOT}/Target Support Files/Pods-InFriends/Pods-InFriends-frameworks.sh\"\n";
			showEnvVarsInLog = 0;
		};
		A484599F60AF374380838695 /* [CP] Embed Pods Frameworks */ = {
			isa = PBXShellScriptBuildPhase;
			buildActionMask = 2147483647;
			files = (
			);
			inputFileListPaths = (
				"${PODS_ROOT}/Target Support Files/Pods-InFriends-InFriendsUITests/Pods-InFriends-InFriendsUITests-frameworks-${CONFIGURATION}-input-files.xcfilelist",
			);
			name = "[CP] Embed Pods Frameworks";
			outputFileListPaths = (
				"${PODS_ROOT}/Target Support Files/Pods-InFriends-InFriendsUITests/Pods-InFriends-InFriendsUITests-frameworks-${CONFIGURATION}-output-files.xcfilelist",
			);
			runOnlyForDeploymentPostprocessing = 0;
			shellPath = /bin/sh;
			shellScript = "\"${PODS_ROOT}/Target Support Files/Pods-InFriends-InFriendsUITests/Pods-InFriends-InFriendsUITests-frameworks.sh\"\n";
			showEnvVarsInLog = 0;
		};
		B0ED19E34CFD17E266040080 /* [CP] Check Pods Manifest.lock */ = {
			isa = PBXShellScriptBuildPhase;
			buildActionMask = 2147483647;
			files = (
			);
			inputFileListPaths = (
			);
			inputPaths = (
				"${PODS_PODFILE_DIR_PATH}/Podfile.lock",
				"${PODS_ROOT}/Manifest.lock",
			);
			name = "[CP] Check Pods Manifest.lock";
			outputFileListPaths = (
			);
			outputPaths = (
				"$(DERIVED_FILE_DIR)/Pods-InFriendsTests-checkManifestLockResult.txt",
			);
			runOnlyForDeploymentPostprocessing = 0;
			shellPath = /bin/sh;
			shellScript = "diff \"${PODS_PODFILE_DIR_PATH}/Podfile.lock\" \"${PODS_ROOT}/Manifest.lock\" > /dev/null\nif [ $? != 0 ] ; then\n    # print error to STDERR\n    echo \"error: The sandbox is not in sync with the Podfile.lock. Run 'pod install' or update your CocoaPods installation.\" >&2\n    exit 1\nfi\n# This output is used by Xcode 'outputs' to avoid re-running this script phase.\necho \"SUCCESS\" > \"${SCRIPT_OUTPUT_FILE_0}\"\n";
			showEnvVarsInLog = 0;
		};
/* End PBXShellScriptBuildPhase section */

/* Begin PBXSourcesBuildPhase section */
		BE50DE172C78302100A54492 /* Sources */ = {
			isa = PBXSourcesBuildPhase;
			buildActionMask = 2147483647;
			files = (
				04E35D372E20A56000B12CEB /* InNewsViewController.swift in Sources */,
				BEFEC8772C7DBD5800602074 /* ChaLavatarPersonalization.swift in Sources */,
				BEFEC87D2C7DDD8900602074 /* WinteractiveNarrative.swift in Sources */,
				BE22DD0A2C78629D00F27A81 /* ColprosodyModelingler.swift in Sources */,
				BE50DE562C78319700A54492 /* LobehavioralAdaptationler.swift in Sources */,
				BE50DE292C78302100A54492 /* InFriends.xcdatamodeld in Sources */,
				BEFEC8792C7DD47F00602074 /* WalplotTwistler.swift in Sources */,
				BE22DD002C783F9C00F27A81 /* EmaffectiveComputingler.swift in Sources */,
				BE22DD222C7C6C9E00F27A81 /* CovirtualCompanion.swift in Sources */,
				BE56050A2C7ED61300435E86 /* UserInfoInstance.swift in Sources */,
				BE22DD202C7C54FE00F27A81 /* BaexpressiveSyntler.swift in Sources */,
				BEFEC86F2C7DA3C000602074 /* UsercenterReusableView.swift in Sources */,
				BE22DD1A2C7893AF00F27A81 /* MypitchProfile.swift in Sources */,
				BE13EDDE2C85C8780061A5DC /* WlipSyncAnimationler.swift in Sources */,
				BE22DD182C788A2700F27A81 /* GrfactSystem.swift in Sources */,
				BEFEC8752C7DBBA400602074 /* ChvoiceCustomization,.swift in Sources */,
				4DC0B49F2C7E1C68003E9F36 /* BBucontextualMemory.swift in Sources */,
				BEFEC8712C7DADBD00602074 /* EdrelationshipDepther.swift in Sources */,
				BE22DD1E2C7C255600F27A81 /* CrealatencyOptimization.swift in Sources */,
				BEFEC8632C7D810900602074 /* FestoryArcler.swift in Sources */,
				BEF79AF82C85A8F000A57F15 /* UstonalVariationler.swift in Sources */,
				BEFEC8732C7DAFE400602074 /* ChchoiceDrivenr.swift in Sources */,
				BE50DE232C78302100A54492 /* IneyeContactSimulationller.swift in Sources */,
				BE22DD1C2C7C180400F27A81 /* DischaracterPersona.swift in Sources */,
				BE22DD122C786EC600F27A81 /* HomeRobotCollectionViewCell.swift in Sources */,
				BE5605062C7EC0DA00435E86 /* UhaviorSyste.swift in Sources */,
				BE22DD0E2C78698000F27A81 /* HoreferenceSys.swift in Sources */,
				BEFEC8612C7D724700602074 /* SeadaptiveResponse.swift in Sources */,
				BEF79AF62C859AC000A57F15 /* ViemotionalEngagementer.swift in Sources */,
				BE22DD082C78628700F27A81 /* HosentimentRecognitionr.swift in Sources */,
				BEFEC8672C7D9D5D00602074 /* AbouworldBuildinger.swift in Sources */,
				4DC0B4A32C7E30B7003E9F36 /* AldialogueTree.swift in Sources */,
				BEFEC8692C7DA0F500602074 /* UscharacterBackstoryer.swift in Sources */,
				BE50DE1F2C78302100A54492 /* AppDelegate.swift in Sources */,
				BE22DD142C7877B700F27A81 /* HomconversationalAill.swift in Sources */,
				BEF79AF42C85500500A57F15 /* INAPempathicResponse.swift in Sources */,
				BE22DD102C786D6600F27A81 /* HomeRoempathicReply.swift in Sources */,
				BEFEC86B2C7DA1CB00602074 /* UseemotionalSynthesis.swift in Sources */,
				BE22DD0C2C7862A600F27A81 /* DisconversationFlower.swift in Sources */,
				BEA7F2122C7F28E60000F3D9 /* MsituationalS.swift in Sources */,
				4DC0B4A12C7E25F2003E9F36 /* CumultimodalI.swift in Sources */,
				BE22DD062C78605200F27A81 /* TablongforMainionler.swift in Sources */,
				BE56050C2C7EF32600435E86 /* RCulturalSystem.swift in Sources */,
			);
			runOnlyForDeploymentPostprocessing = 0;
		};
		BE50DE302C78302200A54492 /* Sources */ = {
			isa = PBXSourcesBuildPhase;
			buildActionMask = 2147483647;
			files = (
			);
			runOnlyForDeploymentPostprocessing = 0;
		};
		BE50DE3A2C78302200A54492 /* Sources */ = {
			isa = PBXSourcesBuildPhase;
			buildActionMask = 2147483647;
			files = (
			);
			runOnlyForDeploymentPostprocessing = 0;
		};
/* End PBXSourcesBuildPhase section */

/* Begin PBXTargetDependency section */
		BE50DE362C78302200A54492 /* PBXTargetDependency */ = {
			isa = PBXTargetDependency;
			target = BE50DE1A2C78302100A54492 /* InFriends */;
			targetProxy = BE50DE352C78302200A54492 /* PBXContainerItemProxy */;
		};
		BE50DE402C78302200A54492 /* PBXTargetDependency */ = {
			isa = PBXTargetDependency;
			target = BE50DE1A2C78302100A54492 /* InFriends */;
			targetProxy = BE50DE3F2C78302200A54492 /* PBXContainerItemProxy */;
		};
/* End PBXTargetDependency section */

/* Begin PBXVariantGroup section */
		BE50DE242C78302100A54492 /* Main.storyboard */ = {
			isa = PBXVariantGroup;
			children = (
				BE50DE252C78302100A54492 /* Base */,
			);
			name = Main.storyboard;
			sourceTree = "<group>";
		};
		BE50DE2C2C78302200A54492 /* LaunchScreen.storyboard */ = {
			isa = PBXVariantGroup;
			children = (
				BE50DE2D2C78302200A54492 /* Base */,
			);
			name = LaunchScreen.storyboard;
			sourceTree = "<group>";
		};
/* End PBXVariantGroup section */

/* Begin XCBuildConfiguration section */
		BE50DE462C78302200A54492 /* Debug */ = {
			isa = XCBuildConfiguration;
			buildSettings = {
				ALWAYS_SEARCH_USER_PATHS = NO;
				ASSETCATALOG_COMPILER_GENERATE_SWIFT_ASSET_SYMBOL_EXTENSIONS = YES;
				CLANG_ANALYZER_NONNULL = YES;
				CLANG_ANALYZER_NUMBER_OBJECT_CONVERSION = YES_AGGRESSIVE;
				CLANG_CXX_LANGUAGE_STANDARD = "gnu++20";
				CLANG_ENABLE_MODULES = YES;
				CLANG_ENABLE_OBJC_ARC = YES;
				CLANG_ENABLE_OBJC_WEAK = YES;
				CLANG_WARN_BLOCK_CAPTURE_AUTORELEASING = YES;
				CLANG_WARN_BOOL_CONVERSION = YES;
				CLANG_WARN_COMMA = YES;
				CLANG_WARN_CONSTANT_CONVERSION = YES;
				CLANG_WARN_DEPRECATED_OBJC_IMPLEMENTATIONS = YES;
				CLANG_WARN_DIRECT_OBJC_ISA_USAGE = YES_ERROR;
				CLANG_WARN_DOCUMENTATION_COMMENTS = YES;
				CLANG_WARN_EMPTY_BODY = YES;
				CLANG_WARN_ENUM_CONVERSION = YES;
				CLANG_WARN_INFINITE_RECURSION = YES;
				CLANG_WARN_INT_CONVERSION = YES;
				CLANG_WARN_NON_LITERAL_NULL_CONVERSION = YES;
				CLANG_WARN_OBJC_IMPLICIT_RETAIN_SELF = YES;
				CLANG_WARN_OBJC_LITERAL_CONVERSION = YES;
				CLANG_WARN_OBJC_ROOT_CLASS = YES_ERROR;
				CLANG_WARN_QUOTED_INCLUDE_IN_FRAMEWORK_HEADER = YES;
				CLANG_WARN_RANGE_LOOP_ANALYSIS = YES;
				CLANG_WARN_STRICT_PROTOTYPES = YES;
				CLANG_WARN_SUSPICIOUS_MOVE = YES;
				CLANG_WARN_UNGUARDED_AVAILABILITY = YES_AGGRESSIVE;
				CLANG_WARN_UNREACHABLE_CODE = YES;
				CLANG_WARN__DUPLICATE_METHOD_MATCH = YES;
				COPY_PHASE_STRIP = NO;
				DEBUG_INFORMATION_FORMAT = dwarf;
				ENABLE_STRICT_OBJC_MSGSEND = YES;
				ENABLE_TESTABILITY = YES;
				ENABLE_USER_SCRIPT_SANDBOXING = NO;
				GCC_C_LANGUAGE_STANDARD = gnu17;
				GCC_DYNAMIC_NO_PIC = NO;
				GCC_NO_COMMON_BLOCKS = YES;
				GCC_OPTIMIZATION_LEVEL = 0;
				GCC_PREPROCESSOR_DEFINITIONS = (
					"DEBUG=1",
					"$(inherited)",
				);
				GCC_WARN_64_TO_32_BIT_CONVERSION = YES;
				GCC_WARN_ABOUT_RETURN_TYPE = YES_ERROR;
				GCC_WARN_UNDECLARED_SELECTOR = YES;
				GCC_WARN_UNINITIALIZED_AUTOS = YES_AGGRESSIVE;
				GCC_WARN_UNUSED_FUNCTION = YES;
				GCC_WARN_UNUSED_VARIABLE = YES;
				IPHONEOS_DEPLOYMENT_TARGET = 14.0;
				LOCALIZATION_PREFERS_STRING_CATALOGS = YES;
				MTL_ENABLE_DEBUG_INFO = INCLUDE_SOURCE;
				MTL_FAST_MATH = YES;
				ONLY_ACTIVE_ARCH = YES;
				SDKROOT = iphoneos;
				SWIFT_ACTIVE_COMPILATION_CONDITIONS = "DEBUG $(inherited)";
				SWIFT_OPTIMIZATION_LEVEL = "-Onone";
			};
			name = Debug;
		};
		BE50DE472C78302200A54492 /* Release */ = {
			isa = XCBuildConfiguration;
			buildSettings = {
				ALWAYS_SEARCH_USER_PATHS = NO;
				ASSETCATALOG_COMPILER_GENERATE_SWIFT_ASSET_SYMBOL_EXTENSIONS = YES;
				CLANG_ANALYZER_NONNULL = YES;
				CLANG_ANALYZER_NUMBER_OBJECT_CONVERSION = YES_AGGRESSIVE;
				CLANG_CXX_LANGUAGE_STANDARD = "gnu++20";
				CLANG_ENABLE_MODULES = YES;
				CLANG_ENABLE_OBJC_ARC = YES;
				CLANG_ENABLE_OBJC_WEAK = YES;
				CLANG_WARN_BLOCK_CAPTURE_AUTORELEASING = YES;
				CLANG_WARN_BOOL_CONVERSION = YES;
				CLANG_WARN_COMMA = YES;
				CLANG_WARN_CONSTANT_CONVERSION = YES;
				CLANG_WARN_DEPRECATED_OBJC_IMPLEMENTATIONS = YES;
				CLANG_WARN_DIRECT_OBJC_ISA_USAGE = YES_ERROR;
				CLANG_WARN_DOCUMENTATION_COMMENTS = YES;
				CLANG_WARN_EMPTY_BODY = YES;
				CLANG_WARN_ENUM_CONVERSION = YES;
				CLANG_WARN_INFINITE_RECURSION = YES;
				CLANG_WARN_INT_CONVERSION = YES;
				CLANG_WARN_NON_LITERAL_NULL_CONVERSION = YES;
				CLANG_WARN_OBJC_IMPLICIT_RETAIN_SELF = YES;
				CLANG_WARN_OBJC_LITERAL_CONVERSION = YES;
				CLANG_WARN_OBJC_ROOT_CLASS = YES_ERROR;
				CLANG_WARN_QUOTED_INCLUDE_IN_FRAMEWORK_HEADER = YES;
				CLANG_WARN_RANGE_LOOP_ANALYSIS = YES;
				CLANG_WARN_STRICT_PROTOTYPES = YES;
				CLANG_WARN_SUSPICIOUS_MOVE = YES;
				CLANG_WARN_UNGUARDED_AVAILABILITY = YES_AGGRESSIVE;
				CLANG_WARN_UNREACHABLE_CODE = YES;
				CLANG_WARN__DUPLICATE_METHOD_MATCH = YES;
				COPY_PHASE_STRIP = NO;
				DEBUG_INFORMATION_FORMAT = "dwarf-with-dsym";
				ENABLE_NS_ASSERTIONS = NO;
				ENABLE_STRICT_OBJC_MSGSEND = YES;
				ENABLE_USER_SCRIPT_SANDBOXING = NO;
				GCC_C_LANGUAGE_STANDARD = gnu17;
				GCC_NO_COMMON_BLOCKS = YES;
				GCC_WARN_64_TO_32_BIT_CONVERSION = YES;
				GCC_WARN_ABOUT_RETURN_TYPE = YES_ERROR;
				GCC_WARN_UNDECLARED_SELECTOR = YES;
				GCC_WARN_UNINITIALIZED_AUTOS = YES_AGGRESSIVE;
				GCC_WARN_UNUSED_FUNCTION = YES;
				GCC_WARN_UNUSED_VARIABLE = YES;
				IPHONEOS_DEPLOYMENT_TARGET = 14.0;
				LOCALIZATION_PREFERS_STRING_CATALOGS = YES;
				MTL_ENABLE_DEBUG_INFO = NO;
				MTL_FAST_MATH = YES;
				SDKROOT = iphoneos;
				SWIFT_COMPILATION_MODE = wholemodule;
				VALIDATE_PRODUCT = YES;
			};
			name = Release;
		};
		BE50DE492C78302200A54492 /* Debug */ = {
			isa = XCBuildConfiguration;
			baseConfigurationReference = 4220C9F8A02011C27FF16825 /* Pods-InFriends.debug.xcconfig */;
			buildSettings = {
				ASSETCATALOG_COMPILER_APPICON_NAME = AppIcon;
				ASSETCATALOG_COMPILER_GLOBAL_ACCENT_COLOR_NAME = AccentColor;
				ASSETCATALOG_COMPILER_INCLUDE_ALL_APPICON_ASSETS = YES;
				CODE_SIGN_ENTITLEMENTS = InFriends/InFriends.entitlements;
				CODE_SIGN_IDENTITY = "Apple Development";
				CODE_SIGN_STYLE = Manual;
				CURRENT_PROJECT_VERSION = 3;
				DEVELOPMENT_TEAM = "";
				GENERATE_INFOPLIST_FILE = YES;
				INFOPLIST_FILE = InFriends/Info.plist;
				INFOPLIST_KEY_CFBundleDisplayName = JerlmateAI;
				INFOPLIST_KEY_NSCameraUsageDescription = "Need access to your camera to set up a robot avatar";
				INFOPLIST_KEY_NSLocationWhenInUseUsageDescription = "We need your location to ";
				INFOPLIST_KEY_NSMicrophoneUsageDescription = "Need to use your microphone to record audio";
				INFOPLIST_KEY_NSPhotoLibraryUsageDescription = "Need access to your photo album to set robot avatar";
				INFOPLIST_KEY_NSUserTrackingUsageDescription = "This app uses IDFA for personalized advertising";
				INFOPLIST_KEY_UIApplicationSupportsIndirectInputEvents = YES;
				INFOPLIST_KEY_UILaunchStoryboardName = LaunchScreen.storyboard;
				INFOPLIST_KEY_UIMainStoryboardFile = Main;
				INFOPLIST_KEY_UIStatusBarStyle = "";
				INFOPLIST_KEY_UISupportedInterfaceOrientations = UIInterfaceOrientationPortrait;
				IPHONEOS_DEPLOYMENT_TARGET = 13.0;
				LD_RUNPATH_SEARCH_PATHS = (
					"$(inherited)",
					"@executable_path/Frameworks",
				);
				MARKETING_VERSION = 1.0.9;
				PRODUCT_BUNDLE_IDENTIFIER = com.zww.app.cn.com;
				PRODUCT_NAME = "$(TARGET_NAME)";
				PROVISIONING_PROFILE_SPECIFIER = "";
				SUPPORTED_PLATFORMS = "iphoneos iphonesimulator";
				SUPPORTS_MACCATALYST = NO;
				SUPPORTS_MAC_DESIGNED_FOR_IPHONE_IPAD = NO;
				SUPPORTS_XR_DESIGNED_FOR_IPHONE_IPAD = NO;
				SWIFT_EMIT_LOC_STRINGS = YES;
				SWIFT_VERSION = 5.0;
				TARGETED_DEVICE_FAMILY = 1;
				USER_HEADER_SEARCH_PATHS = "";
			};
			name = Debug;
		};
		BE50DE4A2C78302200A54492 /* Release */ = {
			isa = XCBuildConfiguration;
			baseConfigurationReference = 94CA33EE5BF5065669929C52 /* Pods-InFriends.release.xcconfig */;
			buildSettings = {
				ASSETCATALOG_COMPILER_APPICON_NAME = AppIcon;
				ASSETCATALOG_COMPILER_GLOBAL_ACCENT_COLOR_NAME = AccentColor;
				ASSETCATALOG_COMPILER_INCLUDE_ALL_APPICON_ASSETS = YES;
				CODE_SIGN_ENTITLEMENTS = InFriends/InFriends.entitlements;
				CODE_SIGN_IDENTITY = "Apple Development";
				CODE_SIGN_STYLE = Manual;
				CURRENT_PROJECT_VERSION = 3;
				DEVELOPMENT_TEAM = "";
				GENERATE_INFOPLIST_FILE = YES;
				INFOPLIST_FILE = InFriends/Info.plist;
				INFOPLIST_KEY_CFBundleDisplayName = JerlmateAI;
				INFOPLIST_KEY_NSCameraUsageDescription = "Need access to your camera to set up a robot avatar";
				INFOPLIST_KEY_NSLocationWhenInUseUsageDescription = "We need your location to ";
				INFOPLIST_KEY_NSMicrophoneUsageDescription = "Need to use your microphone to record audio";
				INFOPLIST_KEY_NSPhotoLibraryUsageDescription = "Need access to your photo album to set robot avatar";
				INFOPLIST_KEY_NSUserTrackingUsageDescription = "This app uses IDFA for personalized advertising";
				INFOPLIST_KEY_UIApplicationSupportsIndirectInputEvents = YES;
				INFOPLIST_KEY_UILaunchStoryboardName = LaunchScreen.storyboard;
				INFOPLIST_KEY_UIMainStoryboardFile = Main;
				INFOPLIST_KEY_UIStatusBarStyle = "";
				INFOPLIST_KEY_UISupportedInterfaceOrientations = UIInterfaceOrientationPortrait;
				IPHONEOS_DEPLOYMENT_TARGET = 13.0;
				LD_RUNPATH_SEARCH_PATHS = (
					"$(inherited)",
					"@executable_path/Frameworks",
				);
				MARKETING_VERSION = 1.0.9;
				PRODUCT_BUNDLE_IDENTIFIER = com.zww.app.cn.com;
				PRODUCT_NAME = "$(TARGET_NAME)";
				PROVISIONING_PROFILE_SPECIFIER = "";
				SUPPORTED_PLATFORMS = "iphoneos iphonesimulator";
				SUPPORTS_MACCATALYST = NO;
				SUPPORTS_MAC_DESIGNED_FOR_IPHONE_IPAD = NO;
				SUPPORTS_XR_DESIGNED_FOR_IPHONE_IPAD = NO;
				SWIFT_EMIT_LOC_STRINGS = YES;
				SWIFT_VERSION = 5.0;
				TARGETED_DEVICE_FAMILY = 1;
				USER_HEADER_SEARCH_PATHS = "";
			};
			name = Release;
		};
		BE50DE4C2C78302200A54492 /* Debug */ = {
			isa = XCBuildConfiguration;
			baseConfigurationReference = B992E35BCDDD7078204F3C62 /* Pods-InFriendsTests.debug.xcconfig */;
			buildSettings = {
				BUNDLE_LOADER = "$(TEST_HOST)";
				CODE_SIGN_STYLE = Automatic;
				CURRENT_PROJECT_VERSION = 1;
				GENERATE_INFOPLIST_FILE = YES;
				IPHONEOS_DEPLOYMENT_TARGET = 17.5;
				MARKETING_VERSION = 1.0;
				PRODUCT_BUNDLE_IDENTIFIER = IF.InFriendsTests;
				PRODUCT_NAME = "$(TARGET_NAME)";
				SWIFT_EMIT_LOC_STRINGS = NO;
				SWIFT_VERSION = 5.0;
				TARGETED_DEVICE_FAMILY = "1,2";
				TEST_HOST = "$(BUILT_PRODUCTS_DIR)/InFriends.app/$(BUNDLE_EXECUTABLE_FOLDER_PATH)/InFriends";
			};
			name = Debug;
		};
		BE50DE4D2C78302200A54492 /* Release */ = {
			isa = XCBuildConfiguration;
			baseConfigurationReference = 0498AB8475F38E94780F0A85 /* Pods-InFriendsTests.release.xcconfig */;
			buildSettings = {
				BUNDLE_LOADER = "$(TEST_HOST)";
				CODE_SIGN_STYLE = Automatic;
				CURRENT_PROJECT_VERSION = 1;
				GENERATE_INFOPLIST_FILE = YES;
				IPHONEOS_DEPLOYMENT_TARGET = 17.5;
				MARKETING_VERSION = 1.0;
				PRODUCT_BUNDLE_IDENTIFIER = IF.InFriendsTests;
				PRODUCT_NAME = "$(TARGET_NAME)";
				SWIFT_EMIT_LOC_STRINGS = NO;
				SWIFT_VERSION = 5.0;
				TARGETED_DEVICE_FAMILY = "1,2";
				TEST_HOST = "$(BUILT_PRODUCTS_DIR)/InFriends.app/$(BUNDLE_EXECUTABLE_FOLDER_PATH)/InFriends";
			};
			name = Release;
		};
		BE50DE4F2C78302200A54492 /* Debug */ = {
			isa = XCBuildConfiguration;
			baseConfigurationReference = D4B43BC5B786D2AFB1423322 /* Pods-InFriends-InFriendsUITests.debug.xcconfig */;
			buildSettings = {
				CODE_SIGN_STYLE = Automatic;
				CURRENT_PROJECT_VERSION = 1;
				GENERATE_INFOPLIST_FILE = YES;
				MARKETING_VERSION = 1.0;
				PRODUCT_BUNDLE_IDENTIFIER = IF.InFriendsUITests;
				PRODUCT_NAME = "$(TARGET_NAME)";
				SWIFT_EMIT_LOC_STRINGS = NO;
				SWIFT_VERSION = 5.0;
				TARGETED_DEVICE_FAMILY = "1,2";
				TEST_TARGET_NAME = InFriends;
			};
			name = Debug;
		};
		BE50DE502C78302200A54492 /* Release */ = {
			isa = XCBuildConfiguration;
			baseConfigurationReference = 21FE17F665F2BBF44894C7ED /* Pods-InFriends-InFriendsUITests.release.xcconfig */;
			buildSettings = {
				CODE_SIGN_STYLE = Automatic;
				CURRENT_PROJECT_VERSION = 1;
				GENERATE_INFOPLIST_FILE = YES;
				MARKETING_VERSION = 1.0;
				PRODUCT_BUNDLE_IDENTIFIER = IF.InFriendsUITests;
				PRODUCT_NAME = "$(TARGET_NAME)";
				SWIFT_EMIT_LOC_STRINGS = NO;
				SWIFT_VERSION = 5.0;
				TARGETED_DEVICE_FAMILY = "1,2";
				TEST_TARGET_NAME = InFriends;
			};
			name = Release;
		};
/* End XCBuildConfiguration section */

/* Begin XCConfigurationList section */
		BE50DE162C78302100A54492 /* Build configuration list for PBXProject "InFriends" */ = {
			isa = XCConfigurationList;
			buildConfigurations = (
				BE50DE462C78302200A54492 /* Debug */,
				BE50DE472C78302200A54492 /* Release */,
			);
			defaultConfigurationIsVisible = 0;
			defaultConfigurationName = Release;
		};
		BE50DE482C78302200A54492 /* Build configuration list for PBXNativeTarget "InFriends" */ = {
			isa = XCConfigurationList;
			buildConfigurations = (
				BE50DE492C78302200A54492 /* Debug */,
				BE50DE4A2C78302200A54492 /* Release */,
			);
			defaultConfigurationIsVisible = 0;
			defaultConfigurationName = Release;
		};
		BE50DE4B2C78302200A54492 /* Build configuration list for PBXNativeTarget "InFriendsTests" */ = {
			isa = XCConfigurationList;
			buildConfigurations = (
				BE50DE4C2C78302200A54492 /* Debug */,
				BE50DE4D2C78302200A54492 /* Release */,
			);
			defaultConfigurationIsVisible = 0;
			defaultConfigurationName = Release;
		};
		BE50DE4E2C78302200A54492 /* Build configuration list for PBXNativeTarget "InFriendsUITests" */ = {
			isa = XCConfigurationList;
			buildConfigurations = (
				BE50DE4F2C78302200A54492 /* Debug */,
				BE50DE502C78302200A54492 /* Release */,
			);
			defaultConfigurationIsVisible = 0;
			defaultConfigurationName = Release;
		};
/* End XCConfigurationList section */

/* Begin XCVersionGroup section */
		BE50DE272C78302100A54492 /* InFriends.xcdatamodeld */ = {
			isa = XCVersionGroup;
			children = (
				BE50DE282C78302100A54492 /* InFriends.xcdatamodel */,
			);
			currentVersion = BE50DE282C78302100A54492 /* InFriends.xcdatamodel */;
			path = InFriends.xcdatamodeld;
			sourceTree = "<group>";
			versionGroupType = wrapper.xcdatamodel;
		};
/* End XCVersionGroup section */
	};
	rootObject = BE50DE132C78302100A54492 /* Project object */;
}
