// !$*UTF8*$!
{
	archiveVersion = 1;
	classes = {
	};
	objectVersion = 77;
	objects = {

/* Begin PBXBuildFile section */
		045E777F2D22389A00E62960 /* PEAURelaitedCharging.swift in Sources */ = {isa = PBXBuildFile; fileRef = 045E777D2D22389A00E62960 /* PEAURelaitedCharging.swift */; };
		045E77802D22389A00E62960 /* PEAURelaitedCharging.xib in Resources */ = {isa = PBXBuildFile; fileRef = 045E777E2D22389A00E62960 /* PEAURelaitedCharging.xib */; };
		045E77832D22399900E62960 /* PEAURelaitedell.swift in Sources */ = {isa = PBXBuildFile; fileRef = 045E77812D22399900E62960 /* PEAURelaitedell.swift */; };
		045E77842D22399900E62960 /* PEAURelaitedell.xib in Resources */ = {isa = PBXBuildFile; fileRef = 045E77822D22399900E62960 /* PEAURelaitedell.xib */; };
		046829142D1EAA9F00E707B0 /* PEAUCallVideoCharhing.xib in Resources */ = {isa = PBXBuildFile; fileRef = 046829132D1EAA9F00E707B0 /* PEAUCallVideoCharhing.xib */; };
		046829152D1EAA9F00E707B0 /* PEAUCallVideoCharhing.swift in Sources */ = {isa = PBXBuildFile; fileRef = 046829122D1EAA9F00E707B0 /* PEAUCallVideoCharhing.swift */; };
		046829182D1EB06300E707B0 /* PEAUSpendoCharhing.xib in Resources */ = {isa = PBXBuildFile; fileRef = 046829172D1EB06300E707B0 /* PEAUSpendoCharhing.xib */; };
		046829192D1EB06300E707B0 /* PEAUSpendoCharhing.swift in Sources */ = {isa = PBXBuildFile; fileRef = 046829162D1EB06300E707B0 /* PEAUSpendoCharhing.swift */; };
		0468291C2D1EBEE000E707B0 /* PEAUAlREportCharhing.xib in Resources */ = {isa = PBXBuildFile; fileRef = 0468291B2D1EBEE000E707B0 /* PEAUAlREportCharhing.xib */; };
		0468291D2D1EBEE000E707B0 /* PEAUAlREportCharhing.swift in Sources */ = {isa = PBXBuildFile; fileRef = 0468291A2D1EBEE000E707B0 /* PEAUAlREportCharhing.swift */; };
		046829202D1EC57E00E707B0 /* PEAUASertingCharhing.xib in Resources */ = {isa = PBXBuildFile; fileRef = 0468291F2D1EC57E00E707B0 /* PEAUASertingCharhing.xib */; };
		046829212D1EC57E00E707B0 /* PEAUASertingCharhing.swift in Sources */ = {isa = PBXBuildFile; fileRef = 0468291E2D1EC57E00E707B0 /* PEAUASertingCharhing.swift */; };
		046829242D1EC9AC00E707B0 /* PEAUAAbouytusCharhing.xib in Resources */ = {isa = PBXBuildFile; fileRef = 046829232D1EC9AC00E707B0 /* PEAUAAbouytusCharhing.xib */; };
		046829252D1EC9AC00E707B0 /* PEAUAAbouytusCharhing.swift in Sources */ = {isa = PBXBuildFile; fileRef = 046829222D1EC9AC00E707B0 /* PEAUAAbouytusCharhing.swift */; };
		046829282D1ECBAA00E707B0 /* PEAEnterDComusCharhing.xib in Resources */ = {isa = PBXBuildFile; fileRef = 046829272D1ECBAA00E707B0 /* PEAEnterDComusCharhing.xib */; };
		046829292D1ECBAA00E707B0 /* PEAEnterDComusCharhing.swift in Sources */ = {isa = PBXBuildFile; fileRef = 046829262D1ECBAA00E707B0 /* PEAEnterDComusCharhing.swift */; };
		0468292C2D1ECF7300E707B0 /* PEAEdierInfsCharhing.xib in Resources */ = {isa = PBXBuildFile; fileRef = 0468292B2D1ECF7300E707B0 /* PEAEdierInfsCharhing.xib */; };
		0468292D2D1ECF7300E707B0 /* PEAEdierInfsCharhing.swift in Sources */ = {isa = PBXBuildFile; fileRef = 0468292A2D1ECF7300E707B0 /* PEAEdierInfsCharhing.swift */; };
		046829302D1FD06100E707B0 /* PEAChatttingKwerCell.swift in Sources */ = {isa = PBXBuildFile; fileRef = 0468292F2D1FD06100E707B0 /* PEAChatttingKwerCell.swift */; };
		046829332D1FEBC800E707B0 /* PEAPubcomutyingfing.xib in Resources */ = {isa = PBXBuildFile; fileRef = 046829322D1FEBC800E707B0 /* PEAPubcomutyingfing.xib */; };
		046829342D1FEBC800E707B0 /* PEAPubcomutyingfing.swift in Sources */ = {isa = PBXBuildFile; fileRef = 046829312D1FEBC800E707B0 /* PEAPubcomutyingfing.swift */; };
		046829372D1FEF9D00E707B0 /* PEAPMeasglinstutyingfing.xib in Resources */ = {isa = PBXBuildFile; fileRef = 046829362D1FEF9D00E707B0 /* PEAPMeasglinstutyingfing.xib */; };
		046829382D1FEF9D00E707B0 /* PEAPMeasglinstutyingfing.swift in Sources */ = {isa = PBXBuildFile; fileRef = 046829352D1FEF9D00E707B0 /* PEAPMeasglinstutyingfing.swift */; };
		0468293B2D20010D00E707B0 /* PEAPXcommutycommentutyingfing.xib in Resources */ = {isa = PBXBuildFile; fileRef = 0468293A2D20010D00E707B0 /* PEAPXcommutycommentutyingfing.xib */; };
		0468293C2D20010D00E707B0 /* PEAPXcommutycommentutyingfing.swift in Sources */ = {isa = PBXBuildFile; fileRef = 046829392D20010D00E707B0 /* PEAPXcommutycommentutyingfing.swift */; };
		0468293F2D201AA900E707B0 /* PEAFrendCentertutyingfing.xib in Resources */ = {isa = PBXBuildFile; fileRef = 0468293E2D201AA900E707B0 /* PEAFrendCentertutyingfing.xib */; };
		046829402D201AA900E707B0 /* PEAFrendCentertutyingfing.swift in Sources */ = {isa = PBXBuildFile; fileRef = 0468293D2D201AA900E707B0 /* PEAFrendCentertutyingfing.swift */; };
		04944B792D1CF53F007C2B63 /* Assets.xcassets in Resources */ = {isa = PBXBuildFile; fileRef = 04944B732D1CF53F007C2B63 /* Assets.xcassets */; };
		04944B7B2D1CF53F007C2B63 /* LaunchScreen.storyboard in Resources */ = {isa = PBXBuildFile; fileRef = 04944B762D1CF53F007C2B63 /* LaunchScreen.storyboard */; };
		04944B7C2D1CF53F007C2B63 /* AppDelegate.swift in Sources */ = {isa = PBXBuildFile; fileRef = 04944B722D1CF53F007C2B63 /* AppDelegate.swift */; };
		04944B7F2D1CFBE9007C2B63 /* PEAUTabbarChallengnng.swift in Sources */ = {isa = PBXBuildFile; fileRef = 04944B7E2D1CFBE9007C2B63 /* PEAUTabbarChallengnng.swift */; };
		04944B812D1CFD62007C2B63 /* PEAUFNeuGuideChallengnng.swift in Sources */ = {isa = PBXBuildFile; fileRef = 04944B802D1CFD62007C2B63 /* PEAUFNeuGuideChallengnng.swift */; };
		04944B832D1CFD77007C2B63 /* PEAUFBascivChallengnng.swift in Sources */ = {isa = PBXBuildFile; fileRef = 04944B822D1CFD77007C2B63 /* PEAUFBascivChallengnng.swift */; };
		04944B8B2D1CFE72007C2B63 /* PEAUPcsiaHemrChallengnng.xib in Resources */ = {isa = PBXBuildFile; fileRef = 04944B8A2D1CFE72007C2B63 /* PEAUPcsiaHemrChallengnng.xib */; };
		04944B8C2D1CFE72007C2B63 /* PEAUPcsiaHemrChallengnng.swift in Sources */ = {isa = PBXBuildFile; fileRef = 04944B892D1CFE72007C2B63 /* PEAUPcsiaHemrChallengnng.swift */; };
		04944B8F2D1CFED3007C2B63 /* PEAUPcsiaComuutyChallengnng.xib in Resources */ = {isa = PBXBuildFile; fileRef = 04944B8E2D1CFED3007C2B63 /* PEAUPcsiaComuutyChallengnng.xib */; };
		04944B902D1CFED3007C2B63 /* PEAUPcsiaComuutyChallengnng.swift in Sources */ = {isa = PBXBuildFile; fileRef = 04944B8D2D1CFED3007C2B63 /* PEAUPcsiaComuutyChallengnng.swift */; };
		04944B932D1CFEE3007C2B63 /* PEAUPcsiaMinweChallengnng.xib in Resources */ = {isa = PBXBuildFile; fileRef = 04944B922D1CFEE3007C2B63 /* PEAUPcsiaMinweChallengnng.xib */; };
		04944B942D1CFEE3007C2B63 /* PEAUPcsiaMinweChallengnng.swift in Sources */ = {isa = PBXBuildFile; fileRef = 04944B912D1CFEE3007C2B63 /* PEAUPcsiaMinweChallengnng.swift */; };
		04944B972D1D3223007C2B63 /* PEAPinksignChallengnng.xib in Resources */ = {isa = PBXBuildFile; fileRef = 04944B962D1D3223007C2B63 /* PEAPinksignChallengnng.xib */; };
		04944B982D1D3223007C2B63 /* PEAPinksignChallengnng.swift in Sources */ = {isa = PBXBuildFile; fileRef = 04944B952D1D3223007C2B63 /* PEAPinksignChallengnng.swift */; };
		04944B9B2D1D38B9007C2B63 /* PEAELUAChallengnng.xib in Resources */ = {isa = PBXBuildFile; fileRef = 04944B9A2D1D38B9007C2B63 /* PEAELUAChallengnng.xib */; };
		04944B9C2D1D38B9007C2B63 /* PEAELUAChallengnng.swift in Sources */ = {isa = PBXBuildFile; fileRef = 04944B992D1D38B9007C2B63 /* PEAELUAChallengnng.swift */; };
		04944BA02D1D495E007C2B63 /* PEAPinkHomweCell.xib in Resources */ = {isa = PBXBuildFile; fileRef = 04944B9F2D1D495E007C2B63 /* PEAPinkHomweCell.xib */; };
		04944BA12D1D495E007C2B63 /* PEAPinkHomweCell.swift in Sources */ = {isa = PBXBuildFile; fileRef = 04944B9E2D1D495E007C2B63 /* PEAPinkHomweCell.swift */; };
		04944BA52D1D5470007C2B63 /* PEAPinkComuCell.xib in Resources */ = {isa = PBXBuildFile; fileRef = 04944BA42D1D5470007C2B63 /* PEAPinkComuCell.xib */; };
		04944BA62D1D5470007C2B63 /* PEAPinkComuCell.swift in Sources */ = {isa = PBXBuildFile; fileRef = 04944BA32D1D5470007C2B63 /* PEAPinkComuCell.swift */; };
		04944BA82D1E4A86007C2B63 /* PinkPEAMakeupData.plist in Resources */ = {isa = PBXBuildFile; fileRef = 04944BA72D1E4A86007C2B63 /* PinkPEAMakeupData.plist */; };
		04944BAA2D1E4D44007C2B63 /* PinkPeaPublish.plist in Resources */ = {isa = PBXBuildFile; fileRef = 04944BA92D1E4D44007C2B63 /* PinkPeaPublish.plist */; };
		04944BAC2D1E5262007C2B63 /* PEMAMakingupCreater.swift in Sources */ = {isa = PBXBuildFile; fileRef = 04944BAB2D1E5262007C2B63 /* PEMAMakingupCreater.swift */; };
		04944BB12D1E75A0007C2B63 /* PEAPinkPuishMakeupChangenning.swift in Sources */ = {isa = PBXBuildFile; fileRef = 04944BAF2D1E75A0007C2B63 /* PEAPinkPuishMakeupChangenning.swift */; };
		04944BB22D1E75A0007C2B63 /* PEAPinkPuishMakeupChangenning.xib in Resources */ = {isa = PBXBuildFile; fileRef = 04944BB02D1E75A0007C2B63 /* PEAPinkPuishMakeupChangenning.xib */; };
		04944BB52D1E8224007C2B63 /* PEAPinkPartyinMakeupChangenning.swift in Sources */ = {isa = PBXBuildFile; fileRef = 04944BB32D1E8224007C2B63 /* PEAPinkPartyinMakeupChangenning.swift */; };
		04944BB62D1E8224007C2B63 /* PEAPinkPartyinMakeupChangenning.xib in Resources */ = {isa = PBXBuildFile; fileRef = 04944BB42D1E8224007C2B63 /* PEAPinkPartyinMakeupChangenning.xib */; };
		04944BB92D1E8A71007C2B63 /* PEAPinkChangenningDetail.swift in Sources */ = {isa = PBXBuildFile; fileRef = 04944BB72D1E8A71007C2B63 /* PEAPinkChangenningDetail.swift */; };
		04944BBA2D1E8A71007C2B63 /* PEAPinkChangenningDetail.xib in Resources */ = {isa = PBXBuildFile; fileRef = 04944BB82D1E8A71007C2B63 /* PEAPinkChangenningDetail.xib */; };
		04944BBD2D1E8A94007C2B63 /* PEAPinkPartyipateDetail.swift in Sources */ = {isa = PBXBuildFile; fileRef = 04944BBB2D1E8A94007C2B63 /* PEAPinkPartyipateDetail.swift */; };
		04944BBE2D1E8A94007C2B63 /* PEAPinkPartyipateDetail.xib in Resources */ = {isa = PBXBuildFile; fileRef = 04944BBC2D1E8A94007C2B63 /* PEAPinkPartyipateDetail.xib */; };
		04944BC12D1E9D4E007C2B63 /* PEAPinkAICreateChangeing.swift in Sources */ = {isa = PBXBuildFile; fileRef = 04944BBF2D1E9D4E007C2B63 /* PEAPinkAICreateChangeing.swift */; };
		04944BC22D1E9D4E007C2B63 /* PEAPinkAICreateChangeing.xib in Resources */ = {isa = PBXBuildFile; fileRef = 04944BC02D1E9D4E007C2B63 /* PEAPinkAICreateChangeing.xib */; };
		04944BC62D1EA33C007C2B63 /* PEAPinkAIChatChangeing.swift in Sources */ = {isa = PBXBuildFile; fileRef = 04944BC42D1EA33C007C2B63 /* PEAPinkAIChatChangeing.swift */; };
		04944BC72D1EA33C007C2B63 /* PEAPinkAIChatChangeing.xib in Resources */ = {isa = PBXBuildFile; fileRef = 04944BC52D1EA33C007C2B63 /* PEAPinkAIChatChangeing.xib */; };
		04E833822D38A47000EF6AC5 /* PEAUOpeningChallengnng.swift in Sources */ = {isa = PBXBuildFile; fileRef = 04E833812D38A47000EF6AC5 /* PEAUOpeningChallengnng.swift */; };
		04E833842D38A68C00EF6AC5 /* PEAULossiiinChallengnng.swift in Sources */ = {isa = PBXBuildFile; fileRef = 04E833832D38A68C00EF6AC5 /* PEAULossiiinChallengnng.swift */; };
		04E833862D38A6AD00EF6AC5 /* PEAUChargeItChallengnng.swift in Sources */ = {isa = PBXBuildFile; fileRef = 04E833852D38A6AD00EF6AC5 /* PEAUChargeItChallengnng.swift */; };
		F89D128568AFD5D96B539216 /* Pods_PinkEarMawekeup.framework in Frameworks */ = {isa = PBXBuildFile; fileRef = 0DB0A68F75954D0C36B742E6 /* Pods_PinkEarMawekeup.framework */; };
/* End PBXBuildFile section */

/* Begin PBXFileReference section */
		0448DC802D3DFD0F000E638C /* PinkEarMawekeup.entitlements */ = {isa = PBXFileReference; lastKnownFileType = text.plist.entitlements; path = PinkEarMawekeup.entitlements; sourceTree = "<group>"; };
		045E777D2D22389A00E62960 /* PEAURelaitedCharging.swift */ = {isa = PBXFileReference; lastKnownFileType = sourcecode.swift; path = PEAURelaitedCharging.swift; sourceTree = "<group>"; };
		045E777E2D22389A00E62960 /* PEAURelaitedCharging.xib */ = {isa = PBXFileReference; lastKnownFileType = file.xib; path = PEAURelaitedCharging.xib; sourceTree = "<group>"; };
		045E77812D22399900E62960 /* PEAURelaitedell.swift */ = {isa = PBXFileReference; lastKnownFileType = sourcecode.swift; path = PEAURelaitedell.swift; sourceTree = "<group>"; };
		045E77822D22399900E62960 /* PEAURelaitedell.xib */ = {isa = PBXFileReference; lastKnownFileType = file.xib; path = PEAURelaitedell.xib; sourceTree = "<group>"; };
		046829122D1EAA9F00E707B0 /* PEAUCallVideoCharhing.swift */ = {isa = PBXFileReference; lastKnownFileType = sourcecode.swift; path = PEAUCallVideoCharhing.swift; sourceTree = "<group>"; };
		046829132D1EAA9F00E707B0 /* PEAUCallVideoCharhing.xib */ = {isa = PBXFileReference; lastKnownFileType = file.xib; path = PEAUCallVideoCharhing.xib; sourceTree = "<group>"; };
		046829162D1EB06300E707B0 /* PEAUSpendoCharhing.swift */ = {isa = PBXFileReference; lastKnownFileType = sourcecode.swift; path = PEAUSpendoCharhing.swift; sourceTree = "<group>"; };
		046829172D1EB06300E707B0 /* PEAUSpendoCharhing.xib */ = {isa = PBXFileReference; lastKnownFileType = file.xib; path = PEAUSpendoCharhing.xib; sourceTree = "<group>"; };
		0468291A2D1EBEE000E707B0 /* PEAUAlREportCharhing.swift */ = {isa = PBXFileReference; lastKnownFileType = sourcecode.swift; path = PEAUAlREportCharhing.swift; sourceTree = "<group>"; };
		0468291B2D1EBEE000E707B0 /* PEAUAlREportCharhing.xib */ = {isa = PBXFileReference; lastKnownFileType = file.xib; path = PEAUAlREportCharhing.xib; sourceTree = "<group>"; };
		0468291E2D1EC57E00E707B0 /* PEAUASertingCharhing.swift */ = {isa = PBXFileReference; lastKnownFileType = sourcecode.swift; path = PEAUASertingCharhing.swift; sourceTree = "<group>"; };
		0468291F2D1EC57E00E707B0 /* PEAUASertingCharhing.xib */ = {isa = PBXFileReference; lastKnownFileType = file.xib; path = PEAUASertingCharhing.xib; sourceTree = "<group>"; };
		046829222D1EC9AC00E707B0 /* PEAUAAbouytusCharhing.swift */ = {isa = PBXFileReference; lastKnownFileType = sourcecode.swift; path = PEAUAAbouytusCharhing.swift; sourceTree = "<group>"; };
		046829232D1EC9AC00E707B0 /* PEAUAAbouytusCharhing.xib */ = {isa = PBXFileReference; lastKnownFileType = file.xib; path = PEAUAAbouytusCharhing.xib; sourceTree = "<group>"; };
		046829262D1ECBAA00E707B0 /* PEAEnterDComusCharhing.swift */ = {isa = PBXFileReference; lastKnownFileType = sourcecode.swift; path = PEAEnterDComusCharhing.swift; sourceTree = "<group>"; };
		046829272D1ECBAA00E707B0 /* PEAEnterDComusCharhing.xib */ = {isa = PBXFileReference; lastKnownFileType = file.xib; path = PEAEnterDComusCharhing.xib; sourceTree = "<group>"; };
		0468292A2D1ECF7300E707B0 /* PEAEdierInfsCharhing.swift */ = {isa = PBXFileReference; lastKnownFileType = sourcecode.swift; path = PEAEdierInfsCharhing.swift; sourceTree = "<group>"; };
		0468292B2D1ECF7300E707B0 /* PEAEdierInfsCharhing.xib */ = {isa = PBXFileReference; lastKnownFileType = file.xib; path = PEAEdierInfsCharhing.xib; sourceTree = "<group>"; };
		0468292F2D1FD06100E707B0 /* PEAChatttingKwerCell.swift */ = {isa = PBXFileReference; lastKnownFileType = sourcecode.swift; path = PEAChatttingKwerCell.swift; sourceTree = "<group>"; };
		046829312D1FEBC800E707B0 /* PEAPubcomutyingfing.swift */ = {isa = PBXFileReference; lastKnownFileType = sourcecode.swift; path = PEAPubcomutyingfing.swift; sourceTree = "<group>"; };
		046829322D1FEBC800E707B0 /* PEAPubcomutyingfing.xib */ = {isa = PBXFileReference; lastKnownFileType = file.xib; path = PEAPubcomutyingfing.xib; sourceTree = "<group>"; };
		046829352D1FEF9D00E707B0 /* PEAPMeasglinstutyingfing.swift */ = {isa = PBXFileReference; lastKnownFileType = sourcecode.swift; path = PEAPMeasglinstutyingfing.swift; sourceTree = "<group>"; };
		046829362D1FEF9D00E707B0 /* PEAPMeasglinstutyingfing.xib */ = {isa = PBXFileReference; lastKnownFileType = file.xib; path = PEAPMeasglinstutyingfing.xib; sourceTree = "<group>"; };
		046829392D20010D00E707B0 /* PEAPXcommutycommentutyingfing.swift */ = {isa = PBXFileReference; lastKnownFileType = sourcecode.swift; path = PEAPXcommutycommentutyingfing.swift; sourceTree = "<group>"; };
		0468293A2D20010D00E707B0 /* PEAPXcommutycommentutyingfing.xib */ = {isa = PBXFileReference; lastKnownFileType = file.xib; path = PEAPXcommutycommentutyingfing.xib; sourceTree = "<group>"; };
		0468293D2D201AA900E707B0 /* PEAFrendCentertutyingfing.swift */ = {isa = PBXFileReference; lastKnownFileType = sourcecode.swift; path = PEAFrendCentertutyingfing.swift; sourceTree = "<group>"; };
		0468293E2D201AA900E707B0 /* PEAFrendCentertutyingfing.xib */ = {isa = PBXFileReference; lastKnownFileType = file.xib; path = PEAFrendCentertutyingfing.xib; sourceTree = "<group>"; };
		04944B5A2D1CF42E007C2B63 /* PinkEarMawekeup.app */ = {isa = PBXFileReference; explicitFileType = wrapper.application; includeInIndex = 0; path = PinkEarMawekeup.app; sourceTree = BUILT_PRODUCTS_DIR; };
		04944B722D1CF53F007C2B63 /* AppDelegate.swift */ = {isa = PBXFileReference; lastKnownFileType = sourcecode.swift; path = AppDelegate.swift; sourceTree = "<group>"; };
		04944B732D1CF53F007C2B63 /* Assets.xcassets */ = {isa = PBXFileReference; lastKnownFileType = folder.assetcatalog; path = Assets.xcassets; sourceTree = "<group>"; };
		04944B742D1CF53F007C2B63 /* Info.plist */ = {isa = PBXFileReference; lastKnownFileType = text.plist.xml; path = Info.plist; sourceTree = "<group>"; };
		04944B752D1CF53F007C2B63 /* Base */ = {isa = PBXFileReference; lastKnownFileType = file.storyboard; name = Base; path = Base.lproj/LaunchScreen.storyboard; sourceTree = "<group>"; };
		04944B7E2D1CFBE9007C2B63 /* PEAUTabbarChallengnng.swift */ = {isa = PBXFileReference; lastKnownFileType = sourcecode.swift; path = PEAUTabbarChallengnng.swift; sourceTree = "<group>"; };
		04944B802D1CFD62007C2B63 /* PEAUFNeuGuideChallengnng.swift */ = {isa = PBXFileReference; lastKnownFileType = sourcecode.swift; path = PEAUFNeuGuideChallengnng.swift; sourceTree = "<group>"; };
		04944B822D1CFD77007C2B63 /* PEAUFBascivChallengnng.swift */ = {isa = PBXFileReference; lastKnownFileType = sourcecode.swift; path = PEAUFBascivChallengnng.swift; sourceTree = "<group>"; };
		04944B892D1CFE72007C2B63 /* PEAUPcsiaHemrChallengnng.swift */ = {isa = PBXFileReference; lastKnownFileType = sourcecode.swift; path = PEAUPcsiaHemrChallengnng.swift; sourceTree = "<group>"; };
		04944B8A2D1CFE72007C2B63 /* PEAUPcsiaHemrChallengnng.xib */ = {isa = PBXFileReference; lastKnownFileType = file.xib; path = PEAUPcsiaHemrChallengnng.xib; sourceTree = "<group>"; };
		04944B8D2D1CFED3007C2B63 /* PEAUPcsiaComuutyChallengnng.swift */ = {isa = PBXFileReference; lastKnownFileType = sourcecode.swift; path = PEAUPcsiaComuutyChallengnng.swift; sourceTree = "<group>"; };
		04944B8E2D1CFED3007C2B63 /* PEAUPcsiaComuutyChallengnng.xib */ = {isa = PBXFileReference; lastKnownFileType = file.xib; path = PEAUPcsiaComuutyChallengnng.xib; sourceTree = "<group>"; };
		04944B912D1CFEE3007C2B63 /* PEAUPcsiaMinweChallengnng.swift */ = {isa = PBXFileReference; lastKnownFileType = sourcecode.swift; path = PEAUPcsiaMinweChallengnng.swift; sourceTree = "<group>"; };
		04944B922D1CFEE3007C2B63 /* PEAUPcsiaMinweChallengnng.xib */ = {isa = PBXFileReference; lastKnownFileType = file.xib; path = PEAUPcsiaMinweChallengnng.xib; sourceTree = "<group>"; };
		04944B952D1D3223007C2B63 /* PEAPinksignChallengnng.swift */ = {isa = PBXFileReference; lastKnownFileType = sourcecode.swift; path = PEAPinksignChallengnng.swift; sourceTree = "<group>"; };
		04944B962D1D3223007C2B63 /* PEAPinksignChallengnng.xib */ = {isa = PBXFileReference; lastKnownFileType = file.xib; path = PEAPinksignChallengnng.xib; sourceTree = "<group>"; };
		04944B992D1D38B9007C2B63 /* PEAELUAChallengnng.swift */ = {isa = PBXFileReference; lastKnownFileType = sourcecode.swift; path = PEAELUAChallengnng.swift; sourceTree = "<group>"; };
		04944B9A2D1D38B9007C2B63 /* PEAELUAChallengnng.xib */ = {isa = PBXFileReference; lastKnownFileType = file.xib; path = PEAELUAChallengnng.xib; sourceTree = "<group>"; };
		04944B9E2D1D495E007C2B63 /* PEAPinkHomweCell.swift */ = {isa = PBXFileReference; lastKnownFileType = sourcecode.swift; path = PEAPinkHomweCell.swift; sourceTree = "<group>"; };
		04944B9F2D1D495E007C2B63 /* PEAPinkHomweCell.xib */ = {isa = PBXFileReference; lastKnownFileType = file.xib; path = PEAPinkHomweCell.xib; sourceTree = "<group>"; };
		04944BA32D1D5470007C2B63 /* PEAPinkComuCell.swift */ = {isa = PBXFileReference; lastKnownFileType = sourcecode.swift; path = PEAPinkComuCell.swift; sourceTree = "<group>"; };
		04944BA42D1D5470007C2B63 /* PEAPinkComuCell.xib */ = {isa = PBXFileReference; lastKnownFileType = file.xib; path = PEAPinkComuCell.xib; sourceTree = "<group>"; };
		04944BA72D1E4A86007C2B63 /* PinkPEAMakeupData.plist */ = {isa = PBXFileReference; lastKnownFileType = text.plist.xml; path = PinkPEAMakeupData.plist; sourceTree = "<group>"; };
		04944BA92D1E4D44007C2B63 /* PinkPeaPublish.plist */ = {isa = PBXFileReference; lastKnownFileType = text.plist.xml; path = PinkPeaPublish.plist; sourceTree = "<group>"; };
		04944BAB2D1E5262007C2B63 /* PEMAMakingupCreater.swift */ = {isa = PBXFileReference; lastKnownFileType = sourcecode.swift; path = PEMAMakingupCreater.swift; sourceTree = "<group>"; };
		04944BAF2D1E75A0007C2B63 /* PEAPinkPuishMakeupChangenning.swift */ = {isa = PBXFileReference; lastKnownFileType = sourcecode.swift; path = PEAPinkPuishMakeupChangenning.swift; sourceTree = "<group>"; };
		04944BB02D1E75A0007C2B63 /* PEAPinkPuishMakeupChangenning.xib */ = {isa = PBXFileReference; lastKnownFileType = file.xib; path = PEAPinkPuishMakeupChangenning.xib; sourceTree = "<group>"; };
		04944BB32D1E8224007C2B63 /* PEAPinkPartyinMakeupChangenning.swift */ = {isa = PBXFileReference; lastKnownFileType = sourcecode.swift; path = PEAPinkPartyinMakeupChangenning.swift; sourceTree = "<group>"; };
		04944BB42D1E8224007C2B63 /* PEAPinkPartyinMakeupChangenning.xib */ = {isa = PBXFileReference; lastKnownFileType = file.xib; path = PEAPinkPartyinMakeupChangenning.xib; sourceTree = "<group>"; };
		04944BB72D1E8A71007C2B63 /* PEAPinkChangenningDetail.swift */ = {isa = PBXFileReference; lastKnownFileType = sourcecode.swift; path = PEAPinkChangenningDetail.swift; sourceTree = "<group>"; };
		04944BB82D1E8A71007C2B63 /* PEAPinkChangenningDetail.xib */ = {isa = PBXFileReference; lastKnownFileType = file.xib; path = PEAPinkChangenningDetail.xib; sourceTree = "<group>"; };
		04944BBB2D1E8A94007C2B63 /* PEAPinkPartyipateDetail.swift */ = {isa = PBXFileReference; lastKnownFileType = sourcecode.swift; path = PEAPinkPartyipateDetail.swift; sourceTree = "<group>"; };
		04944BBC2D1E8A94007C2B63 /* PEAPinkPartyipateDetail.xib */ = {isa = PBXFileReference; lastKnownFileType = file.xib; path = PEAPinkPartyipateDetail.xib; sourceTree = "<group>"; };
		04944BBF2D1E9D4E007C2B63 /* PEAPinkAICreateChangeing.swift */ = {isa = PBXFileReference; lastKnownFileType = sourcecode.swift; path = PEAPinkAICreateChangeing.swift; sourceTree = "<group>"; };
		04944BC02D1E9D4E007C2B63 /* PEAPinkAICreateChangeing.xib */ = {isa = PBXFileReference; lastKnownFileType = file.xib; path = PEAPinkAICreateChangeing.xib; sourceTree = "<group>"; };
		04944BC42D1EA33C007C2B63 /* PEAPinkAIChatChangeing.swift */ = {isa = PBXFileReference; lastKnownFileType = sourcecode.swift; path = PEAPinkAIChatChangeing.swift; sourceTree = "<group>"; };
		04944BC52D1EA33C007C2B63 /* PEAPinkAIChatChangeing.xib */ = {isa = PBXFileReference; lastKnownFileType = file.xib; path = PEAPinkAIChatChangeing.xib; sourceTree = "<group>"; };
		04E833812D38A47000EF6AC5 /* PEAUOpeningChallengnng.swift */ = {isa = PBXFileReference; lastKnownFileType = sourcecode.swift; path = PEAUOpeningChallengnng.swift; sourceTree = "<group>"; };
		04E833832D38A68C00EF6AC5 /* PEAULossiiinChallengnng.swift */ = {isa = PBXFileReference; lastKnownFileType = sourcecode.swift; path = PEAULossiiinChallengnng.swift; sourceTree = "<group>"; };
		04E833852D38A6AD00EF6AC5 /* PEAUChargeItChallengnng.swift */ = {isa = PBXFileReference; lastKnownFileType = sourcecode.swift; path = PEAUChargeItChallengnng.swift; sourceTree = "<group>"; };
		0DB0A68F75954D0C36B742E6 /* Pods_PinkEarMawekeup.framework */ = {isa = PBXFileReference; explicitFileType = wrapper.framework; includeInIndex = 0; path = Pods_PinkEarMawekeup.framework; sourceTree = BUILT_PRODUCTS_DIR; };
		61BB0596090F664575D8B036 /* Pods-PinkEarMawekeup.release.xcconfig */ = {isa = PBXFileReference; includeInIndex = 1; lastKnownFileType = text.xcconfig; name = "Pods-PinkEarMawekeup.release.xcconfig"; path = "Target Support Files/Pods-PinkEarMawekeup/Pods-PinkEarMawekeup.release.xcconfig"; sourceTree = "<group>"; };
		E79D4BECB6028D6B9037E08B /* Pods-PinkEarMawekeup.debug.xcconfig */ = {isa = PBXFileReference; includeInIndex = 1; lastKnownFileType = text.xcconfig; name = "Pods-PinkEarMawekeup.debug.xcconfig"; path = "Target Support Files/Pods-PinkEarMawekeup/Pods-PinkEarMawekeup.debug.xcconfig"; sourceTree = "<group>"; };
/* End PBXFileReference section */

/* Begin PBXFrameworksBuildPhase section */
		04944B572D1CF42E007C2B63 /* Frameworks */ = {
			isa = PBXFrameworksBuildPhase;
			buildActionMask = 2147483647;
			files = (
				F89D128568AFD5D96B539216 /* Pods_PinkEarMawekeup.framework in Frameworks */,
			);
			runOnlyForDeploymentPostprocessing = 0;
		};
/* End PBXFrameworksBuildPhase section */

/* Begin PBXGroup section */
		046829112D1EAA8300E707B0 /* PinkPerson */ = {
			isa = PBXGroup;
			children = (
				046829122D1EAA9F00E707B0 /* PEAUCallVideoCharhing.swift */,
				046829132D1EAA9F00E707B0 /* PEAUCallVideoCharhing.xib */,
				0468291A2D1EBEE000E707B0 /* PEAUAlREportCharhing.swift */,
				0468291B2D1EBEE000E707B0 /* PEAUAlREportCharhing.xib */,
			);
			path = PinkPerson;
			sourceTree = "<group>";
		};
		0468292E2D1FD03200E707B0 /* AiPEAView */ = {
			isa = PBXGroup;
			children = (
				0468292F2D1FD06100E707B0 /* PEAChatttingKwerCell.swift */,
			);
			path = AiPEAView;
			sourceTree = "<group>";
		};
		04944B512D1CF42E007C2B63 = {
			isa = PBXGroup;
			children = (
				04944B782D1CF53F007C2B63 /* PinkEarMawekeup */,
				04944B5B2D1CF42E007C2B63 /* Products */,
				B6892C3D619770A823D130BE /* Pods */,
				EAA2A265F615B7B82B18E800 /* Frameworks */,
			);
			sourceTree = "<group>";
		};
		04944B5B2D1CF42E007C2B63 /* Products */ = {
			isa = PBXGroup;
			children = (
				04944B5A2D1CF42E007C2B63 /* PinkEarMawekeup.app */,
			);
			name = Products;
			sourceTree = "<group>";
		};
		04944B782D1CF53F007C2B63 /* PinkEarMawekeup */ = {
			isa = PBXGroup;
			children = (
				0448DC802D3DFD0F000E638C /* PinkEarMawekeup.entitlements */,
				046829112D1EAA8300E707B0 /* PinkPerson */,
				04944B882D1CFE1E007C2B63 /* PinkSign */,
				04944B872D1CFE17007C2B63 /* PinkMine */,
				04944B862D1CFE0A007C2B63 /* PinkCommunte */,
				04944B852D1CFDD1007C2B63 /* PinkHome */,
				04944B842D1CFD7D007C2B63 /* PnikMain */,
				04944B732D1CF53F007C2B63 /* Assets.xcassets */,
				04944B742D1CF53F007C2B63 /* Info.plist */,
			);
			path = PinkEarMawekeup;
			sourceTree = "<group>";
		};
		04944B842D1CFD7D007C2B63 /* PnikMain */ = {
			isa = PBXGroup;
			children = (
				04944B762D1CF53F007C2B63 /* LaunchScreen.storyboard */,
				04944B722D1CF53F007C2B63 /* AppDelegate.swift */,
				04944B7E2D1CFBE9007C2B63 /* PEAUTabbarChallengnng.swift */,
				04944B802D1CFD62007C2B63 /* PEAUFNeuGuideChallengnng.swift */,
				04944B822D1CFD77007C2B63 /* PEAUFBascivChallengnng.swift */,
				04944BA72D1E4A86007C2B63 /* PinkPEAMakeupData.plist */,
				04944BA92D1E4D44007C2B63 /* PinkPeaPublish.plist */,
				04944BAB2D1E5262007C2B63 /* PEMAMakingupCreater.swift */,
				04E833812D38A47000EF6AC5 /* PEAUOpeningChallengnng.swift */,
				04E833832D38A68C00EF6AC5 /* PEAULossiiinChallengnng.swift */,
				04E833852D38A6AD00EF6AC5 /* PEAUChargeItChallengnng.swift */,
			);
			path = PnikMain;
			sourceTree = "<group>";
		};
		04944B852D1CFDD1007C2B63 /* PinkHome */ = {
			isa = PBXGroup;
			children = (
				04944BC32D1EA224007C2B63 /* PinkAi */,
				04944B9D2D1D491D007C2B63 /* PinkVirew */,
				04944B892D1CFE72007C2B63 /* PEAUPcsiaHemrChallengnng.swift */,
				04944B8A2D1CFE72007C2B63 /* PEAUPcsiaHemrChallengnng.xib */,
				04944BB72D1E8A71007C2B63 /* PEAPinkChangenningDetail.swift */,
				04944BB82D1E8A71007C2B63 /* PEAPinkChangenningDetail.xib */,
				04944BAF2D1E75A0007C2B63 /* PEAPinkPuishMakeupChangenning.swift */,
				04944BB02D1E75A0007C2B63 /* PEAPinkPuishMakeupChangenning.xib */,
				04944BB32D1E8224007C2B63 /* PEAPinkPartyinMakeupChangenning.swift */,
				04944BB42D1E8224007C2B63 /* PEAPinkPartyinMakeupChangenning.xib */,
				04944BBB2D1E8A94007C2B63 /* PEAPinkPartyipateDetail.swift */,
				04944BBC2D1E8A94007C2B63 /* PEAPinkPartyipateDetail.xib */,
			);
			path = PinkHome;
			sourceTree = "<group>";
		};
		04944B862D1CFE0A007C2B63 /* PinkCommunte */ = {
			isa = PBXGroup;
			children = (
				04944BA22D1D542D007C2B63 /* PinComView */,
				04944B8D2D1CFED3007C2B63 /* PEAUPcsiaComuutyChallengnng.swift */,
				04944B8E2D1CFED3007C2B63 /* PEAUPcsiaComuutyChallengnng.xib */,
				046829262D1ECBAA00E707B0 /* PEAEnterDComusCharhing.swift */,
				046829272D1ECBAA00E707B0 /* PEAEnterDComusCharhing.xib */,
				046829312D1FEBC800E707B0 /* PEAPubcomutyingfing.swift */,
				046829322D1FEBC800E707B0 /* PEAPubcomutyingfing.xib */,
				046829352D1FEF9D00E707B0 /* PEAPMeasglinstutyingfing.swift */,
				046829362D1FEF9D00E707B0 /* PEAPMeasglinstutyingfing.xib */,
				046829392D20010D00E707B0 /* PEAPXcommutycommentutyingfing.swift */,
				0468293A2D20010D00E707B0 /* PEAPXcommutycommentutyingfing.xib */,
			);
			path = PinkCommunte;
			sourceTree = "<group>";
		};
		04944B872D1CFE17007C2B63 /* PinkMine */ = {
			isa = PBXGroup;
			children = (
				04944B912D1CFEE3007C2B63 /* PEAUPcsiaMinweChallengnng.swift */,
				04944B922D1CFEE3007C2B63 /* PEAUPcsiaMinweChallengnng.xib */,
				0468291E2D1EC57E00E707B0 /* PEAUASertingCharhing.swift */,
				0468291F2D1EC57E00E707B0 /* PEAUASertingCharhing.xib */,
				046829222D1EC9AC00E707B0 /* PEAUAAbouytusCharhing.swift */,
				046829232D1EC9AC00E707B0 /* PEAUAAbouytusCharhing.xib */,
				0468292A2D1ECF7300E707B0 /* PEAEdierInfsCharhing.swift */,
				0468292B2D1ECF7300E707B0 /* PEAEdierInfsCharhing.xib */,
				0468293D2D201AA900E707B0 /* PEAFrendCentertutyingfing.swift */,
				0468293E2D201AA900E707B0 /* PEAFrendCentertutyingfing.xib */,
				045E777D2D22389A00E62960 /* PEAURelaitedCharging.swift */,
				045E777E2D22389A00E62960 /* PEAURelaitedCharging.xib */,
				045E77812D22399900E62960 /* PEAURelaitedell.swift */,
				045E77822D22399900E62960 /* PEAURelaitedell.xib */,
			);
			path = PinkMine;
			sourceTree = "<group>";
		};
		04944B882D1CFE1E007C2B63 /* PinkSign */ = {
			isa = PBXGroup;
			children = (
				04944B952D1D3223007C2B63 /* PEAPinksignChallengnng.swift */,
				04944B962D1D3223007C2B63 /* PEAPinksignChallengnng.xib */,
				04944B992D1D38B9007C2B63 /* PEAELUAChallengnng.swift */,
				04944B9A2D1D38B9007C2B63 /* PEAELUAChallengnng.xib */,
			);
			path = PinkSign;
			sourceTree = "<group>";
		};
		04944B9D2D1D491D007C2B63 /* PinkVirew */ = {
			isa = PBXGroup;
			children = (
				04944B9E2D1D495E007C2B63 /* PEAPinkHomweCell.swift */,
				04944B9F2D1D495E007C2B63 /* PEAPinkHomweCell.xib */,
			);
			path = PinkVirew;
			sourceTree = "<group>";
		};
		04944BA22D1D542D007C2B63 /* PinComView */ = {
			isa = PBXGroup;
			children = (
				04944BA32D1D5470007C2B63 /* PEAPinkComuCell.swift */,
				04944BA42D1D5470007C2B63 /* PEAPinkComuCell.xib */,
			);
			path = PinComView;
			sourceTree = "<group>";
		};
		04944BC32D1EA224007C2B63 /* PinkAi */ = {
			isa = PBXGroup;
			children = (
				0468292E2D1FD03200E707B0 /* AiPEAView */,
				04944BBF2D1E9D4E007C2B63 /* PEAPinkAICreateChangeing.swift */,
				04944BC02D1E9D4E007C2B63 /* PEAPinkAICreateChangeing.xib */,
				04944BC42D1EA33C007C2B63 /* PEAPinkAIChatChangeing.swift */,
				04944BC52D1EA33C007C2B63 /* PEAPinkAIChatChangeing.xib */,
				046829162D1EB06300E707B0 /* PEAUSpendoCharhing.swift */,
				046829172D1EB06300E707B0 /* PEAUSpendoCharhing.xib */,
			);
			path = PinkAi;
			sourceTree = "<group>";
		};
		B6892C3D619770A823D130BE /* Pods */ = {
			isa = PBXGroup;
			children = (
				E79D4BECB6028D6B9037E08B /* Pods-PinkEarMawekeup.debug.xcconfig */,
				61BB0596090F664575D8B036 /* Pods-PinkEarMawekeup.release.xcconfig */,
			);
			path = Pods;
			sourceTree = "<group>";
		};
		EAA2A265F615B7B82B18E800 /* Frameworks */ = {
			isa = PBXGroup;
			children = (
				0DB0A68F75954D0C36B742E6 /* Pods_PinkEarMawekeup.framework */,
			);
			name = Frameworks;
			sourceTree = "<group>";
		};
/* End PBXGroup section */

/* Begin PBXNativeTarget section */
		04944B592D1CF42E007C2B63 /* PinkEarMawekeup */ = {
			isa = PBXNativeTarget;
			buildConfigurationList = 04944B6D2D1CF430007C2B63 /* Build configuration list for PBXNativeTarget "PinkEarMawekeup" */;
			buildPhases = (
				378902E792748E91274424FC /* [CP] Check Pods Manifest.lock */,
				04944B562D1CF42E007C2B63 /* Sources */,
				04944B572D1CF42E007C2B63 /* Frameworks */,
				04944B582D1CF42E007C2B63 /* Resources */,
				D7DE0969FDFBD1FD643C493D /* [CP] Embed Pods Frameworks */,
			);
			buildRules = (
			);
			dependencies = (
			);
			name = PinkEarMawekeup;
			productName = PinkEarMawekeup;
			productReference = 04944B5A2D1CF42E007C2B63 /* PinkEarMawekeup.app */;
			productType = "com.apple.product-type.application";
		};
/* End PBXNativeTarget section */

/* Begin PBXProject section */
		04944B522D1CF42E007C2B63 /* Project object */ = {
			isa = PBXProject;
			attributes = {
				BuildIndependentTargetsInParallel = 1;
				CLASSPREFIX = PEAU;
				LastSwiftUpdateCheck = 1610;
				LastUpgradeCheck = 1610;
				TargetAttributes = {
					04944B592D1CF42E007C2B63 = {
						CreatedOnToolsVersion = 16.1;
					};
				};
			};
			buildConfigurationList = 04944B552D1CF42E007C2B63 /* Build configuration list for PBXProject "PinkEarMawekeup" */;
			developmentRegion = en;
			hasScannedForEncodings = 0;
			knownRegions = (
				en,
				Base,
			);
			mainGroup = 04944B512D1CF42E007C2B63;
			minimizedProjectReferenceProxies = 1;
			preferredProjectObjectVersion = 77;
			productRefGroup = 04944B5B2D1CF42E007C2B63 /* Products */;
			projectDirPath = "";
			projectRoot = "";
			targets = (
				04944B592D1CF42E007C2B63 /* PinkEarMawekeup */,
			);
		};
/* End PBXProject section */

/* Begin PBXResourcesBuildPhase section */
		04944B582D1CF42E007C2B63 /* Resources */ = {
			isa = PBXResourcesBuildPhase;
			buildActionMask = 2147483647;
			files = (
				046829242D1EC9AC00E707B0 /* PEAUAAbouytusCharhing.xib in Resources */,
				046829182D1EB06300E707B0 /* PEAUSpendoCharhing.xib in Resources */,
				046829372D1FEF9D00E707B0 /* PEAPMeasglinstutyingfing.xib in Resources */,
				04944B792D1CF53F007C2B63 /* Assets.xcassets in Resources */,
				0468293F2D201AA900E707B0 /* PEAFrendCentertutyingfing.xib in Resources */,
				04944BBE2D1E8A94007C2B63 /* PEAPinkPartyipateDetail.xib in Resources */,
				04944BA82D1E4A86007C2B63 /* PinkPEAMakeupData.plist in Resources */,
				046829332D1FEBC800E707B0 /* PEAPubcomutyingfing.xib in Resources */,
				04944BB22D1E75A0007C2B63 /* PEAPinkPuishMakeupChangenning.xib in Resources */,
				04944B8B2D1CFE72007C2B63 /* PEAUPcsiaHemrChallengnng.xib in Resources */,
				04944B9B2D1D38B9007C2B63 /* PEAELUAChallengnng.xib in Resources */,
				04944B8F2D1CFED3007C2B63 /* PEAUPcsiaComuutyChallengnng.xib in Resources */,
				04944BC22D1E9D4E007C2B63 /* PEAPinkAICreateChangeing.xib in Resources */,
				04944B7B2D1CF53F007C2B63 /* LaunchScreen.storyboard in Resources */,
				04944BA02D1D495E007C2B63 /* PEAPinkHomweCell.xib in Resources */,
				0468292C2D1ECF7300E707B0 /* PEAEdierInfsCharhing.xib in Resources */,
				045E77842D22399900E62960 /* PEAURelaitedell.xib in Resources */,
				046829142D1EAA9F00E707B0 /* PEAUCallVideoCharhing.xib in Resources */,
				04944BC72D1EA33C007C2B63 /* PEAPinkAIChatChangeing.xib in Resources */,
				0468291C2D1EBEE000E707B0 /* PEAUAlREportCharhing.xib in Resources */,
				04944B932D1CFEE3007C2B63 /* PEAUPcsiaMinweChallengnng.xib in Resources */,
				04944BB62D1E8224007C2B63 /* PEAPinkPartyinMakeupChangenning.xib in Resources */,
				046829202D1EC57E00E707B0 /* PEAUASertingCharhing.xib in Resources */,
				04944BBA2D1E8A71007C2B63 /* PEAPinkChangenningDetail.xib in Resources */,
				046829282D1ECBAA00E707B0 /* PEAEnterDComusCharhing.xib in Resources */,
				0468293B2D20010D00E707B0 /* PEAPXcommutycommentutyingfing.xib in Resources */,
				04944B972D1D3223007C2B63 /* PEAPinksignChallengnng.xib in Resources */,
				04944BA52D1D5470007C2B63 /* PEAPinkComuCell.xib in Resources */,
				045E77802D22389A00E62960 /* PEAURelaitedCharging.xib in Resources */,
				04944BAA2D1E4D44007C2B63 /* PinkPeaPublish.plist in Resources */,
			);
			runOnlyForDeploymentPostprocessing = 0;
		};
/* End PBXResourcesBuildPhase section */

/* Begin PBXShellScriptBuildPhase section */
		378902E792748E91274424FC /* [CP] Check Pods Manifest.lock */ = {
			isa = PBXShellScriptBuildPhase;
			buildActionMask = 2147483647;
			files = (
			);
			inputFileListPaths = (
			);
			inputPaths = (
				"${PODS_PODFILE_DIR_PATH}/Podfile.lock",
				"${PODS_ROOT}/Manifest.lock",
			);
			name = "[CP] Check Pods Manifest.lock";
			outputFileListPaths = (
			);
			outputPaths = (
				"$(DERIVED_FILE_DIR)/Pods-PinkEarMawekeup-checkManifestLockResult.txt",
			);
			runOnlyForDeploymentPostprocessing = 0;
			shellPath = /bin/sh;
			shellScript = "diff \"${PODS_PODFILE_DIR_PATH}/Podfile.lock\" \"${PODS_ROOT}/Manifest.lock\" > /dev/null\nif [ $? != 0 ] ; then\n    # print error to STDERR\n    echo \"error: The sandbox is not in sync with the Podfile.lock. Run 'pod install' or update your CocoaPods installation.\" >&2\n    exit 1\nfi\n# This output is used by Xcode 'outputs' to avoid re-running this script phase.\necho \"SUCCESS\" > \"${SCRIPT_OUTPUT_FILE_0}\"\n";
			showEnvVarsInLog = 0;
		};
		D7DE0969FDFBD1FD643C493D /* [CP] Embed Pods Frameworks */ = {
			isa = PBXShellScriptBuildPhase;
			buildActionMask = 2147483647;
			files = (
			);
			inputFileListPaths = (
				"${PODS_ROOT}/Target Support Files/Pods-PinkEarMawekeup/Pods-PinkEarMawekeup-frameworks-${CONFIGURATION}-input-files.xcfilelist",
			);
			name = "[CP] Embed Pods Frameworks";
			outputFileListPaths = (
				"${PODS_ROOT}/Target Support Files/Pods-PinkEarMawekeup/Pods-PinkEarMawekeup-frameworks-${CONFIGURATION}-output-files.xcfilelist",
			);
			runOnlyForDeploymentPostprocessing = 0;
			shellPath = /bin/sh;
			shellScript = "\"${PODS_ROOT}/Target Support Files/Pods-PinkEarMawekeup/Pods-PinkEarMawekeup-frameworks.sh\"\n";
			showEnvVarsInLog = 0;
		};
/* End PBXShellScriptBuildPhase section */

/* Begin PBXSourcesBuildPhase section */
		04944B562D1CF42E007C2B63 /* Sources */ = {
			isa = PBXSourcesBuildPhase;
			buildActionMask = 2147483647;
			files = (
				04944B902D1CFED3007C2B63 /* PEAUPcsiaComuutyChallengnng.swift in Sources */,
				04944B982D1D3223007C2B63 /* PEAPinksignChallengnng.swift in Sources */,
				045E77832D22399900E62960 /* PEAURelaitedell.swift in Sources */,
				04944BB52D1E8224007C2B63 /* PEAPinkPartyinMakeupChangenning.swift in Sources */,
				04944B832D1CFD77007C2B63 /* PEAUFBascivChallengnng.swift in Sources */,
				0468291D2D1EBEE000E707B0 /* PEAUAlREportCharhing.swift in Sources */,
				04944B8C2D1CFE72007C2B63 /* PEAUPcsiaHemrChallengnng.swift in Sources */,
				0468293C2D20010D00E707B0 /* PEAPXcommutycommentutyingfing.swift in Sources */,
				04944BA62D1D5470007C2B63 /* PEAPinkComuCell.swift in Sources */,
				046829402D201AA900E707B0 /* PEAFrendCentertutyingfing.swift in Sources */,
				04944BC12D1E9D4E007C2B63 /* PEAPinkAICreateChangeing.swift in Sources */,
				046829302D1FD06100E707B0 /* PEAChatttingKwerCell.swift in Sources */,
				045E777F2D22389A00E62960 /* PEAURelaitedCharging.swift in Sources */,
				04944BBD2D1E8A94007C2B63 /* PEAPinkPartyipateDetail.swift in Sources */,
				046829212D1EC57E00E707B0 /* PEAUASertingCharhing.swift in Sources */,
				04944B9C2D1D38B9007C2B63 /* PEAELUAChallengnng.swift in Sources */,
				04E833862D38A6AD00EF6AC5 /* PEAUChargeItChallengnng.swift in Sources */,
				04944BC62D1EA33C007C2B63 /* PEAPinkAIChatChangeing.swift in Sources */,
				04E833822D38A47000EF6AC5 /* PEAUOpeningChallengnng.swift in Sources */,
				04E833842D38A68C00EF6AC5 /* PEAULossiiinChallengnng.swift in Sources */,
				046829152D1EAA9F00E707B0 /* PEAUCallVideoCharhing.swift in Sources */,
				046829192D1EB06300E707B0 /* PEAUSpendoCharhing.swift in Sources */,
				046829342D1FEBC800E707B0 /* PEAPubcomutyingfing.swift in Sources */,
				04944B7C2D1CF53F007C2B63 /* AppDelegate.swift in Sources */,
				046829252D1EC9AC00E707B0 /* PEAUAAbouytusCharhing.swift in Sources */,
				04944B812D1CFD62007C2B63 /* PEAUFNeuGuideChallengnng.swift in Sources */,
				04944B7F2D1CFBE9007C2B63 /* PEAUTabbarChallengnng.swift in Sources */,
				046829292D1ECBAA00E707B0 /* PEAEnterDComusCharhing.swift in Sources */,
				04944B942D1CFEE3007C2B63 /* PEAUPcsiaMinweChallengnng.swift in Sources */,
				046829382D1FEF9D00E707B0 /* PEAPMeasglinstutyingfing.swift in Sources */,
				04944BA12D1D495E007C2B63 /* PEAPinkHomweCell.swift in Sources */,
				0468292D2D1ECF7300E707B0 /* PEAEdierInfsCharhing.swift in Sources */,
				04944BB92D1E8A71007C2B63 /* PEAPinkChangenningDetail.swift in Sources */,
				04944BB12D1E75A0007C2B63 /* PEAPinkPuishMakeupChangenning.swift in Sources */,
				04944BAC2D1E5262007C2B63 /* PEMAMakingupCreater.swift in Sources */,
			);
			runOnlyForDeploymentPostprocessing = 0;
		};
/* End PBXSourcesBuildPhase section */

/* Begin PBXVariantGroup section */
		04944B762D1CF53F007C2B63 /* LaunchScreen.storyboard */ = {
			isa = PBXVariantGroup;
			children = (
				04944B752D1CF53F007C2B63 /* Base */,
			);
			name = LaunchScreen.storyboard;
			sourceTree = "<group>";
		};
/* End PBXVariantGroup section */

/* Begin XCBuildConfiguration section */
		04944B6E2D1CF430007C2B63 /* Debug */ = {
			isa = XCBuildConfiguration;
			baseConfigurationReference = E79D4BECB6028D6B9037E08B /* Pods-PinkEarMawekeup.debug.xcconfig */;
			buildSettings = {
				ASSETCATALOG_COMPILER_APPICON_NAME = AppIcon;
				ASSETCATALOG_COMPILER_GLOBAL_ACCENT_COLOR_NAME = AccentColor;
				CODE_SIGN_ENTITLEMENTS = PinkEarMawekeup/PinkEarMawekeup.entitlements;
				CODE_SIGN_IDENTITY = "Apple Development";
				CODE_SIGN_STYLE = Automatic;
				CURRENT_PROJECT_VERSION = 1;
				DEVELOPMENT_TEAM = "";
				ENABLE_USER_SCRIPT_SANDBOXING = NO;
				EXCLUDED_ARCHS = "";
				GENERATE_INFOPLIST_FILE = YES;
				INFOPLIST_FILE = PinkEarMawekeup/Info.plist;
				INFOPLIST_KEY_CFBundleDisplayName = Pcsia;
				INFOPLIST_KEY_NSCameraUsageDescription = "In order to upload dynamic photos, take photos, upload avatars, video chat, Pcsia needs to have access to your camera permissions,";
				INFOPLIST_KEY_NSLocationAlwaysUsageDescription = "In order to use the location feature of iCloud Camera to take and upload photos, Pcsia needs access to your location permissions during the application period,";
				INFOPLIST_KEY_NSLocationWhenInUseUsageDescription = "PCSIA requires access to location permissions to utilize the iCloud camera's location features";
				INFOPLIST_KEY_NSMicrophoneUsageDescription = "In order to send voice messages and make audio calls, Pcsia needs access to your microphone permission";
				INFOPLIST_KEY_NSPhotoLibraryUsageDescription = "In order to upload dynamic photos and local avatars, Pcsia needs access to your album permissions";
				INFOPLIST_KEY_UIApplicationSupportsIndirectInputEvents = YES;
				INFOPLIST_KEY_UILaunchStoryboardName = LaunchScreen;
				INFOPLIST_KEY_UIMainStoryboardFile = "";
				INFOPLIST_KEY_UISupportedInterfaceOrientations = UIInterfaceOrientationPortrait;
				INFOPLIST_KEY_UISupportedInterfaceOrientations_iPad = "UIInterfaceOrientationLandscapeLeft UIInterfaceOrientationLandscapeRight UIInterfaceOrientationPortrait UIInterfaceOrientationPortraitUpsideDown";
				IPHONEOS_DEPLOYMENT_TARGET = 15.6;
				LD_RUNPATH_SEARCH_PATHS = (
					"$(inherited)",
					"@executable_path/Frameworks",
				);
				MARKETING_VERSION = 1.1;
				PRODUCT_BUNDLE_IDENTIFIER = com.zww.app.cn.com;
				PRODUCT_NAME = "$(TARGET_NAME)";
				PROVISIONING_PROFILE_SPECIFIER = "";
				SUPPORTED_PLATFORMS = "iphoneos iphonesimulator";
				SUPPORTS_MACCATALYST = NO;
				SUPPORTS_MAC_DESIGNED_FOR_IPHONE_IPAD = NO;
				SUPPORTS_XR_DESIGNED_FOR_IPHONE_IPAD = NO;
				SWIFT_EMIT_LOC_STRINGS = YES;
				SWIFT_VERSION = 5.0;
				TARGETED_DEVICE_FAMILY = 1;
			};
			name = Debug;
		};
		04944B6F2D1CF430007C2B63 /* Release */ = {
			isa = XCBuildConfiguration;
			baseConfigurationReference = 61BB0596090F664575D8B036 /* Pods-PinkEarMawekeup.release.xcconfig */;
			buildSettings = {
				ASSETCATALOG_COMPILER_APPICON_NAME = AppIcon;
				ASSETCATALOG_COMPILER_GLOBAL_ACCENT_COLOR_NAME = AccentColor;
				CODE_SIGN_ENTITLEMENTS = PinkEarMawekeup/PinkEarMawekeup.entitlements;
				CODE_SIGN_IDENTITY = "Apple Development";
				CODE_SIGN_STYLE = Automatic;
				CURRENT_PROJECT_VERSION = 1;
				DEVELOPMENT_TEAM = "";
				ENABLE_USER_SCRIPT_SANDBOXING = NO;
				EXCLUDED_ARCHS = "";
				GENERATE_INFOPLIST_FILE = YES;
				INFOPLIST_FILE = PinkEarMawekeup/Info.plist;
				INFOPLIST_KEY_CFBundleDisplayName = Pcsia;
				INFOPLIST_KEY_NSCameraUsageDescription = "In order to upload dynamic photos, take photos, upload avatars, video chat, Pcsia needs to have access to your camera permissions,";
				INFOPLIST_KEY_NSLocationAlwaysUsageDescription = "In order to use the location feature of iCloud Camera to take and upload photos, Pcsia needs access to your location permissions during the application period,";
				INFOPLIST_KEY_NSLocationWhenInUseUsageDescription = "PCSIA requires access to location permissions to utilize the iCloud camera's location features";
				INFOPLIST_KEY_NSMicrophoneUsageDescription = "In order to send voice messages and make audio calls, Pcsia needs access to your microphone permission";
				INFOPLIST_KEY_NSPhotoLibraryUsageDescription = "In order to upload dynamic photos and local avatars, Pcsia needs access to your album permissions";
				INFOPLIST_KEY_UIApplicationSupportsIndirectInputEvents = YES;
				INFOPLIST_KEY_UILaunchStoryboardName = LaunchScreen;
				INFOPLIST_KEY_UIMainStoryboardFile = "";
				INFOPLIST_KEY_UISupportedInterfaceOrientations = UIInterfaceOrientationPortrait;
				INFOPLIST_KEY_UISupportedInterfaceOrientations_iPad = "UIInterfaceOrientationLandscapeLeft UIInterfaceOrientationLandscapeRight UIInterfaceOrientationPortrait UIInterfaceOrientationPortraitUpsideDown";
				IPHONEOS_DEPLOYMENT_TARGET = 15.6;
				LD_RUNPATH_SEARCH_PATHS = (
					"$(inherited)",
					"@executable_path/Frameworks",
				);
				MARKETING_VERSION = 1.1;
				PRODUCT_BUNDLE_IDENTIFIER = com.zww.app.cn.com;
				PRODUCT_NAME = "$(TARGET_NAME)";
				PROVISIONING_PROFILE_SPECIFIER = "";
				SUPPORTED_PLATFORMS = "iphoneos iphonesimulator";
				SUPPORTS_MACCATALYST = NO;
				SUPPORTS_MAC_DESIGNED_FOR_IPHONE_IPAD = NO;
				SUPPORTS_XR_DESIGNED_FOR_IPHONE_IPAD = NO;
				SWIFT_EMIT_LOC_STRINGS = YES;
				SWIFT_VERSION = 5.0;
				TARGETED_DEVICE_FAMILY = 1;
			};
			name = Release;
		};
		04944B702D1CF430007C2B63 /* Debug */ = {
			isa = XCBuildConfiguration;
			buildSettings = {
				ALWAYS_SEARCH_USER_PATHS = NO;
				ASSETCATALOG_COMPILER_GENERATE_SWIFT_ASSET_SYMBOL_EXTENSIONS = YES;
				CLANG_ANALYZER_NONNULL = YES;
				CLANG_ANALYZER_NUMBER_OBJECT_CONVERSION = YES_AGGRESSIVE;
				CLANG_CXX_LANGUAGE_STANDARD = "gnu++20";
				CLANG_ENABLE_MODULES = YES;
				CLANG_ENABLE_OBJC_ARC = YES;
				CLANG_ENABLE_OBJC_WEAK = YES;
				CLANG_WARN_BLOCK_CAPTURE_AUTORELEASING = YES;
				CLANG_WARN_BOOL_CONVERSION = YES;
				CLANG_WARN_COMMA = YES;
				CLANG_WARN_CONSTANT_CONVERSION = YES;
				CLANG_WARN_DEPRECATED_OBJC_IMPLEMENTATIONS = YES;
				CLANG_WARN_DIRECT_OBJC_ISA_USAGE = YES_ERROR;
				CLANG_WARN_DOCUMENTATION_COMMENTS = YES;
				CLANG_WARN_EMPTY_BODY = YES;
				CLANG_WARN_ENUM_CONVERSION = YES;
				CLANG_WARN_INFINITE_RECURSION = YES;
				CLANG_WARN_INT_CONVERSION = YES;
				CLANG_WARN_NON_LITERAL_NULL_CONVERSION = YES;
				CLANG_WARN_OBJC_IMPLICIT_RETAIN_SELF = YES;
				CLANG_WARN_OBJC_LITERAL_CONVERSION = YES;
				CLANG_WARN_OBJC_ROOT_CLASS = YES_ERROR;
				CLANG_WARN_QUOTED_INCLUDE_IN_FRAMEWORK_HEADER = YES;
				CLANG_WARN_RANGE_LOOP_ANALYSIS = YES;
				CLANG_WARN_STRICT_PROTOTYPES = YES;
				CLANG_WARN_SUSPICIOUS_MOVE = YES;
				CLANG_WARN_UNGUARDED_AVAILABILITY = YES_AGGRESSIVE;
				CLANG_WARN_UNREACHABLE_CODE = YES;
				CLANG_WARN__DUPLICATE_METHOD_MATCH = YES;
				COPY_PHASE_STRIP = NO;
				DEBUG_INFORMATION_FORMAT = dwarf;
				ENABLE_STRICT_OBJC_MSGSEND = YES;
				ENABLE_TESTABILITY = YES;
				ENABLE_USER_SCRIPT_SANDBOXING = YES;
				GCC_C_LANGUAGE_STANDARD = gnu17;
				GCC_DYNAMIC_NO_PIC = NO;
				GCC_NO_COMMON_BLOCKS = YES;
				GCC_OPTIMIZATION_LEVEL = 0;
				GCC_PREPROCESSOR_DEFINITIONS = (
					"DEBUG=1",
					"$(inherited)",
				);
				GCC_WARN_64_TO_32_BIT_CONVERSION = YES;
				GCC_WARN_ABOUT_RETURN_TYPE = YES_ERROR;
				GCC_WARN_UNDECLARED_SELECTOR = YES;
				GCC_WARN_UNINITIALIZED_AUTOS = YES_AGGRESSIVE;
				GCC_WARN_UNUSED_FUNCTION = YES;
				GCC_WARN_UNUSED_VARIABLE = YES;
				IPHONEOS_DEPLOYMENT_TARGET = 18.1;
				LOCALIZATION_PREFERS_STRING_CATALOGS = YES;
				MTL_ENABLE_DEBUG_INFO = INCLUDE_SOURCE;
				MTL_FAST_MATH = YES;
				ONLY_ACTIVE_ARCH = YES;
				SDKROOT = iphoneos;
				SWIFT_ACTIVE_COMPILATION_CONDITIONS = "DEBUG $(inherited)";
				SWIFT_OPTIMIZATION_LEVEL = "-Onone";
			};
			name = Debug;
		};
		04944B712D1CF430007C2B63 /* Release */ = {
			isa = XCBuildConfiguration;
			buildSettings = {
				ALWAYS_SEARCH_USER_PATHS = NO;
				ASSETCATALOG_COMPILER_GENERATE_SWIFT_ASSET_SYMBOL_EXTENSIONS = YES;
				CLANG_ANALYZER_NONNULL = YES;
				CLANG_ANALYZER_NUMBER_OBJECT_CONVERSION = YES_AGGRESSIVE;
				CLANG_CXX_LANGUAGE_STANDARD = "gnu++20";
				CLANG_ENABLE_MODULES = YES;
				CLANG_ENABLE_OBJC_ARC = YES;
				CLANG_ENABLE_OBJC_WEAK = YES;
				CLANG_WARN_BLOCK_CAPTURE_AUTORELEASING = YES;
				CLANG_WARN_BOOL_CONVERSION = YES;
				CLANG_WARN_COMMA = YES;
				CLANG_WARN_CONSTANT_CONVERSION = YES;
				CLANG_WARN_DEPRECATED_OBJC_IMPLEMENTATIONS = YES;
				CLANG_WARN_DIRECT_OBJC_ISA_USAGE = YES_ERROR;
				CLANG_WARN_DOCUMENTATION_COMMENTS = YES;
				CLANG_WARN_EMPTY_BODY = YES;
				CLANG_WARN_ENUM_CONVERSION = YES;
				CLANG_WARN_INFINITE_RECURSION = YES;
				CLANG_WARN_INT_CONVERSION = YES;
				CLANG_WARN_NON_LITERAL_NULL_CONVERSION = YES;
				CLANG_WARN_OBJC_IMPLICIT_RETAIN_SELF = YES;
				CLANG_WARN_OBJC_LITERAL_CONVERSION = YES;
				CLANG_WARN_OBJC_ROOT_CLASS = YES_ERROR;
				CLANG_WARN_QUOTED_INCLUDE_IN_FRAMEWORK_HEADER = YES;
				CLANG_WARN_RANGE_LOOP_ANALYSIS = YES;
				CLANG_WARN_STRICT_PROTOTYPES = YES;
				CLANG_WARN_SUSPICIOUS_MOVE = YES;
				CLANG_WARN_UNGUARDED_AVAILABILITY = YES_AGGRESSIVE;
				CLANG_WARN_UNREACHABLE_CODE = YES;
				CLANG_WARN__DUPLICATE_METHOD_MATCH = YES;
				COPY_PHASE_STRIP = NO;
				DEBUG_INFORMATION_FORMAT = "dwarf-with-dsym";
				ENABLE_NS_ASSERTIONS = NO;
				ENABLE_STRICT_OBJC_MSGSEND = YES;
				ENABLE_USER_SCRIPT_SANDBOXING = YES;
				GCC_C_LANGUAGE_STANDARD = gnu17;
				GCC_NO_COMMON_BLOCKS = YES;
				GCC_WARN_64_TO_32_BIT_CONVERSION = YES;
				GCC_WARN_ABOUT_RETURN_TYPE = YES_ERROR;
				GCC_WARN_UNDECLARED_SELECTOR = YES;
				GCC_WARN_UNINITIALIZED_AUTOS = YES_AGGRESSIVE;
				GCC_WARN_UNUSED_FUNCTION = YES;
				GCC_WARN_UNUSED_VARIABLE = YES;
				IPHONEOS_DEPLOYMENT_TARGET = 18.1;
				LOCALIZATION_PREFERS_STRING_CATALOGS = YES;
				MTL_ENABLE_DEBUG_INFO = NO;
				MTL_FAST_MATH = YES;
				SDKROOT = iphoneos;
				SWIFT_COMPILATION_MODE = wholemodule;
				VALIDATE_PRODUCT = YES;
			};
			name = Release;
		};
/* End XCBuildConfiguration section */

/* Begin XCConfigurationList section */
		04944B552D1CF42E007C2B63 /* Build configuration list for PBXProject "PinkEarMawekeup" */ = {
			isa = XCConfigurationList;
			buildConfigurations = (
				04944B702D1CF430007C2B63 /* Debug */,
				04944B712D1CF430007C2B63 /* Release */,
			);
			defaultConfigurationIsVisible = 0;
			defaultConfigurationName = Release;
		};
		04944B6D2D1CF430007C2B63 /* Build configuration list for PBXNativeTarget "PinkEarMawekeup" */ = {
			isa = XCConfigurationList;
			buildConfigurations = (
				04944B6E2D1CF430007C2B63 /* Debug */,
				04944B6F2D1CF430007C2B63 /* Release */,
			);
			defaultConfigurationIsVisible = 0;
			defaultConfigurationName = Release;
		};
/* End XCConfigurationList section */
	};
	rootObject = 04944B522D1CF42E007C2B63 /* Project object */;
}
